// !$*UTF8*$!
{
	archiveVersion = 1;
	classes = {
	};
	objectVersion = 46;
	objects = {

/* Begin PBXBuildFile section */
		C60911BA1BFB8C8B001E70BA /* Zeeba.h in Headers */ = {isa = PBXBuildFile; fileRef = C610B0781BCE42C200DF3854 /* Zeeba.h */; settings = {ATTRIBUTES = (Public, ); }; };
		C60911D91BFC8AA2001E70BA /* ZBSerialPortDataReception.h in Headers */ = {isa = PBXBuildFile; fileRef = C60911D71BFC8AA2001E70BA /* ZBSerialPortDataReception.h */; };
		C60911DA1BFC8AA2001E70BA /* ZBSerialPortDataReception.h in Headers */ = {isa = PBXBuildFile; fileRef = C60911D71BFC8AA2001E70BA /* ZBSerialPortDataReception.h */; };
		C60911DB1BFC8AA2001E70BA /* ZBSerialPortDataReception.m in Sources */ = {isa = PBXBuildFile; fileRef = C60911D81BFC8AA2001E70BA /* ZBSerialPortDataReception.m */; };
		C60911DC1BFC8AA2001E70BA /* ZBSerialPortDataReception.m in Sources */ = {isa = PBXBuildFile; fileRef = C60911D81BFC8AA2001E70BA /* ZBSerialPortDataReception.m */; };
		C60911DE1BFDB690001E70BA /* ZBDebugging.h in Headers */ = {isa = PBXBuildFile; fileRef = C60911DD1BFDB690001E70BA /* ZBDebugging.h */; };
		C60911DF1BFDB690001E70BA /* ZBDebugging.h in Headers */ = {isa = PBXBuildFile; fileRef = C60911DD1BFDB690001E70BA /* ZBDebugging.h */; };
		C610B07B1BCE42C200DF3854 /* Zeeba.h in Headers */ = {isa = PBXBuildFile; fileRef = C610B0781BCE42C200DF3854 /* Zeeba.h */; settings = {ATTRIBUTES = (Public, ); }; };
		C62872C01C15B6B30016217C /* ZBPrinterPageBuilder.h in Headers */ = {isa = PBXBuildFile; fileRef = C62872BE1C15B6B30016217C /* ZBPrinterPageBuilder.h */; settings = {ATTRIBUTES = (Public, ); }; };
		C62872C11C15B6B30016217C /* ZBPrinterPageBuilder.h in Headers */ = {isa = PBXBuildFile; fileRef = C62872BE1C15B6B30016217C /* ZBPrinterPageBuilder.h */; settings = {ATTRIBUTES = (Public, ); }; };
		C62872C21C15B6B30016217C /* ZBPrinterPageBuilder.m in Sources */ = {isa = PBXBuildFile; fileRef = C62872BF1C15B6B30016217C /* ZBPrinterPageBuilder.m */; };
		C62872C31C15B6B30016217C /* ZBPrinterPageBuilder.m in Sources */ = {isa = PBXBuildFile; fileRef = C62872BF1C15B6B30016217C /* ZBPrinterPageBuilder.m */; };
		C63B17C11C20028900B0ECD2 /* ZBZeeba.m in Sources */ = {isa = PBXBuildFile; fileRef = C6BA55641BFB181B00077FBC /* ZBZeeba.m */; };
		C63B17C21C20028D00B0ECD2 /* ZBZeeba+SharedInstance.m in Sources */ = {isa = PBXBuildFile; fileRef = C6BA55621BFB181B00077FBC /* ZBZeeba+SharedInstance.m */; };
		C63B17C31C20029300B0ECD2 /* ZBZeeba.h in Headers */ = {isa = PBXBuildFile; fileRef = C6BA55631BFB181B00077FBC /* ZBZeeba.h */; settings = {ATTRIBUTES = (Public, ); }; };
		C63B17C41C20029900B0ECD2 /* ZBZeeba+SharedInstance.h in Headers */ = {isa = PBXBuildFile; fileRef = C6BA55611BFB181B00077FBC /* ZBZeeba+SharedInstance.h */; settings = {ATTRIBUTES = (Public, ); }; };
		C63B17C51C2002A000B0ECD2 /* ZBBLEAvailability.h in Headers */ = {isa = PBXBuildFile; fileRef = C6BA55571BFB181B00077FBC /* ZBBLEAvailability.h */; settings = {ATTRIBUTES = (Public, ); }; };
		C63B17C61C2002A400B0ECD2 /* ZBBLEAvailability.m in Sources */ = {isa = PBXBuildFile; fileRef = C6BA55581BFB181B00077FBC /* ZBBLEAvailability.m */; };
		C63B17C71C2002A700B0ECD2 /* ZBBLEAvailabilityAdapter.h in Headers */ = {isa = PBXBuildFile; fileRef = C6BA55591BFB181B00077FBC /* ZBBLEAvailabilityAdapter.h */; };
		C63B17C81C2002AC00B0ECD2 /* ZBBLEAvailabilityAdapter.m in Sources */ = {isa = PBXBuildFile; fileRef = C6BA555A1BFB181B00077FBC /* ZBBLEAvailabilityAdapter.m */; };
		C63B17C91C2002AE00B0ECD2 /* ZBScanner.h in Headers */ = {isa = PBXBuildFile; fileRef = C6BA556D1BFB181B00077FBC /* ZBScanner.h */; };
		C63B17CA1C2002BE00B0ECD2 /* ZBScanner.m in Sources */ = {isa = PBXBuildFile; fileRef = C6BA556E1BFB181B00077FBC /* ZBScanner.m */; };
		C63B17CB1C2002C000B0ECD2 /* ZBConnectionPool.h in Headers */ = {isa = PBXBuildFile; fileRef = C6BA555D1BFB181B00077FBC /* ZBConnectionPool.h */; };
		C63B17CC1C2002C500B0ECD2 /* ZBConnectionPool.m in Sources */ = {isa = PBXBuildFile; fileRef = C6BA555E1BFB181B00077FBC /* ZBConnectionPool.m */; };
		C63B17CD1C2002C800B0ECD2 /* ZBConnectionAttempt.h in Headers */ = {isa = PBXBuildFile; fileRef = C6BA555B1BFB181B00077FBC /* ZBConnectionAttempt.h */; };
		C63B17CE1C2002CD00B0ECD2 /* ZBConnectionAttempt.m in Sources */ = {isa = PBXBuildFile; fileRef = C6BA555C1BFB181B00077FBC /* ZBConnectionAttempt.m */; };
		C63B17CF1C2002D200B0ECD2 /* ZBConnectivity.h in Headers */ = {isa = PBXBuildFile; fileRef = C6BA555F1BFB181B00077FBC /* ZBConnectivity.h */; settings = {ATTRIBUTES = (Public, ); }; };
		C63B17D01C2002D700B0ECD2 /* ZBConnectivity.m in Sources */ = {isa = PBXBuildFile; fileRef = C6BA55601BFB181B00077FBC /* ZBConnectivity.m */; };
		C63B17D11C2002DA00B0ECD2 /* ZBCentralManagerDelegateProxy.h in Headers */ = {isa = PBXBuildFile; fileRef = C6BA554D1BFB181B00077FBC /* ZBCentralManagerDelegateProxy.h */; };
		C63B17D21C2002DE00B0ECD2 /* ZBCentralManagerDelegateProxy.m in Sources */ = {isa = PBXBuildFile; fileRef = C6BA554E1BFB181B00077FBC /* ZBCentralManagerDelegateProxy.m */; };
		C63B17D31C2002E000B0ECD2 /* CBCentralManager+ZBFactory.h in Headers */ = {isa = PBXBuildFile; fileRef = C6BA55471BFB181B00077FBC /* CBCentralManager+ZBFactory.h */; };
		C63B17D41C2002E500B0ECD2 /* CBCentralManager+ZBFactory.m in Sources */ = {isa = PBXBuildFile; fileRef = C6BA55481BFB181B00077FBC /* CBCentralManager+ZBFactory.m */; };
		C63B17D51C20095F00B0ECD2 /* ZBPeripheralController.h in Headers */ = {isa = PBXBuildFile; fileRef = C6BA554F1BFB181B00077FBC /* ZBPeripheralController.h */; };
		C63B17D61C20096300B0ECD2 /* ZBPeripheralController.m in Sources */ = {isa = PBXBuildFile; fileRef = C6BA55501BFB181B00077FBC /* ZBPeripheralController.m */; };
		C63B17D71C20096600B0ECD2 /* CBPeripheral+ZBServices.h in Headers */ = {isa = PBXBuildFile; fileRef = C6BA55491BFB181B00077FBC /* CBPeripheral+ZBServices.h */; };
		C63B17D81C20096A00B0ECD2 /* CBPeripheral+ZBServices.m in Sources */ = {isa = PBXBuildFile; fileRef = C6BA554A1BFB181B00077FBC /* CBPeripheral+ZBServices.m */; };
		C63B17D91C20096D00B0ECD2 /* CBService+ZBCharacteristics.h in Headers */ = {isa = PBXBuildFile; fileRef = C6BA554B1BFB181B00077FBC /* CBService+ZBCharacteristics.h */; };
		C63B17DA1C20097100B0ECD2 /* CBService+ZBCharacteristics.m in Sources */ = {isa = PBXBuildFile; fileRef = C6BA554C1BFB181B00077FBC /* CBService+ZBCharacteristics.m */; };
		C63B17DB1C20097400B0ECD2 /* ZBSerialPortCommunicator.h in Headers */ = {isa = PBXBuildFile; fileRef = C6BA55721BFB181B00077FBC /* ZBSerialPortCommunicator.h */; };
		C63B17DC1C20097800B0ECD2 /* ZBSerialPortCommunicator.m in Sources */ = {isa = PBXBuildFile; fileRef = C6BA55731BFB181B00077FBC /* ZBSerialPortCommunicator.m */; };
		C63B17DD1C20097B00B0ECD2 /* ZBSerialPortCommunicator+Private.h in Headers */ = {isa = PBXBuildFile; fileRef = C6BA55701BFB181B00077FBC /* ZBSerialPortCommunicator+Private.h */; };
		C63B17DE1C20098000B0ECD2 /* ZBSerialPortCommunicator+Private.m in Sources */ = {isa = PBXBuildFile; fileRef = C6BA55711BFB181B00077FBC /* ZBSerialPortCommunicator+Private.m */; };
		C63B17DF1C20098D00B0ECD2 /* ZBSerialPortConfigurator.h in Headers */ = {isa = PBXBuildFile; fileRef = C6BA557A1BFB181B00077FBC /* ZBSerialPortConfigurator.h */; };
		C63B17E01C20099100B0ECD2 /* ZBSerialPortConfigurator.m in Sources */ = {isa = PBXBuildFile; fileRef = C6BA557B1BFB181B00077FBC /* ZBSerialPortConfigurator.m */; };
		C63B17E11C20099400B0ECD2 /* ZBSerialPortConfiguration.h in Headers */ = {isa = PBXBuildFile; fileRef = C6BA55781BFB181B00077FBC /* ZBSerialPortConfiguration.h */; };
		C63B17E21C20099800B0ECD2 /* ZBSerialPortConfiguration.m in Sources */ = {isa = PBXBuildFile; fileRef = C6BA55791BFB181B00077FBC /* ZBSerialPortConfiguration.m */; };
		C63B17E31C20099C00B0ECD2 /* ZBSerialPortConfiguration+Factory.h in Headers */ = {isa = PBXBuildFile; fileRef = C6BA55761BFB181B00077FBC /* ZBSerialPortConfiguration+Factory.h */; };
		C63B17E41C2009A000B0ECD2 /* ZBSerialPortConfiguration+Factory.m in Sources */ = {isa = PBXBuildFile; fileRef = C6BA55771BFB181B00077FBC /* ZBSerialPortConfiguration+Factory.m */; };
		C63B17E51C2009A400B0ECD2 /* ZBSerialPortCommunicatorTask.h in Headers */ = {isa = PBXBuildFile; fileRef = C6BA55741BFB181B00077FBC /* ZBSerialPortCommunicatorTask.h */; };
		C63B17E61C2009AA00B0ECD2 /* ZBSerialPortCommunicatorTask.m in Sources */ = {isa = PBXBuildFile; fileRef = C6BA55751BFB181B00077FBC /* ZBSerialPortCommunicatorTask.m */; };
		C63B17E71C2009AD00B0ECD2 /* ZBStand.h in Headers */ = {isa = PBXBuildFile; fileRef = C6BA557F1BFB181B00077FBC /* ZBStand.h */; settings = {ATTRIBUTES = (Public, ); }; };
		C63B17E81C2009B200B0ECD2 /* ZBStand.m in Sources */ = {isa = PBXBuildFile; fileRef = C6BA55801BFB181B00077FBC /* ZBStand.m */; };
		C63B17E91C2009B500B0ECD2 /* ZBStand+Private.h in Headers */ = {isa = PBXBuildFile; fileRef = C6BA557D1BFB181B00077FBC /* ZBStand+Private.h */; };
		C63B17EA1C200A5A00B0ECD2 /* ZBStand+Private.m in Sources */ = {isa = PBXBuildFile; fileRef = C6BA557E1BFB181B00077FBC /* ZBStand+Private.m */; };
		C63B17EB1C200A5D00B0ECD2 /* ZBStandModelNumberParser.h in Headers */ = {isa = PBXBuildFile; fileRef = C6BA55811BFB181B00077FBC /* ZBStandModelNumberParser.h */; };
		C63B17EC1C200A6000B0ECD2 /* ZBStandModelNumberParser.m in Sources */ = {isa = PBXBuildFile; fileRef = C6BA55821BFB181B00077FBC /* ZBStandModelNumberParser.m */; };
		C63B17ED1C200A6500B0ECD2 /* ZBPrinter.h in Headers */ = {isa = PBXBuildFile; fileRef = C6BA556A1BFB181B00077FBC /* ZBPrinter.h */; settings = {ATTRIBUTES = (Public, ); }; };
		C63B17EE1C200A6900B0ECD2 /* ZBPrinter.m in Sources */ = {isa = PBXBuildFile; fileRef = C6BA556B1BFB181B00077FBC /* ZBPrinter.m */; };
		C63B17EF1C200A7200B0ECD2 /* ZBPrinter+Private.h in Headers */ = {isa = PBXBuildFile; fileRef = C6BA55681BFB181B00077FBC /* ZBPrinter+Private.h */; };
		C63B17F01C200A7700B0ECD2 /* ZBPrinter+Private.m in Sources */ = {isa = PBXBuildFile; fileRef = C6BA55691BFB181B00077FBC /* ZBPrinter+Private.m */; };
		C63B17F11C200A8400B0ECD2 /* ZBPrinter+HexCmd.h in Headers */ = {isa = PBXBuildFile; fileRef = C6BA55661BFB181B00077FBC /* ZBPrinter+HexCmd.h */; };
		C63B17F21C200A8800B0ECD2 /* ZBPrinter+HexCmd.m in Sources */ = {isa = PBXBuildFile; fileRef = C6BA55671BFB181B00077FBC /* ZBPrinter+HexCmd.m */; };
		C63B17F31C200ACC00B0ECD2 /* NSData+ZBDescriptionBits.h in Headers */ = {isa = PBXBuildFile; fileRef = C6BA55841BFB181B00077FBC /* NSData+ZBDescriptionBits.h */; };
		C63B17F41C200AD100B0ECD2 /* NSData+ZBDescriptionBits.m in Sources */ = {isa = PBXBuildFile; fileRef = C6BA55851BFB181B00077FBC /* NSData+ZBDescriptionBits.m */; };
		C63B17F51C200AD400B0ECD2 /* NSData+ZBHex.h in Headers */ = {isa = PBXBuildFile; fileRef = C6BA55861BFB181B00077FBC /* NSData+ZBHex.h */; };
		C63B17F61C200AD800B0ECD2 /* NSData+ZBHex.m in Sources */ = {isa = PBXBuildFile; fileRef = C6BA55871BFB181B00077FBC /* NSData+ZBHex.m */; };
		C63B17F71C200ADB00B0ECD2 /* NSData+ZBReverse.h in Headers */ = {isa = PBXBuildFile; fileRef = C6BA55881BFB181B00077FBC /* NSData+ZBReverse.h */; };
		C63B17F81C200ADF00B0ECD2 /* NSData+ZBReverse.m in Sources */ = {isa = PBXBuildFile; fileRef = C6BA55891BFB181B00077FBC /* NSData+ZBReverse.m */; };
		C63B17F91C200AE200B0ECD2 /* NSData+ZBTrim.h in Headers */ = {isa = PBXBuildFile; fileRef = C6BA558A1BFB181B00077FBC /* NSData+ZBTrim.h */; };
		C63B17FA1C200AE600B0ECD2 /* NSData+ZBTrim.m in Sources */ = {isa = PBXBuildFile; fileRef = C6BA558B1BFB181B00077FBC /* NSData+ZBTrim.m */; };
		C63B17FB1C200AE900B0ECD2 /* NSMutableData+ZBPrepend.h in Headers */ = {isa = PBXBuildFile; fileRef = C6BA558C1BFB181B00077FBC /* NSMutableData+ZBPrepend.h */; };
		C63B17FC1C200AEF00B0ECD2 /* NSMutableData+ZBPrepend.m in Sources */ = {isa = PBXBuildFile; fileRef = C6BA558D1BFB181B00077FBC /* NSMutableData+ZBPrepend.m */; };
		C63B17FD1C200AF100B0ECD2 /* NSString+ZBHex.h in Headers */ = {isa = PBXBuildFile; fileRef = C6BA558E1BFB181B00077FBC /* NSString+ZBHex.h */; };
		C63B17FE1C200AF500B0ECD2 /* NSString+ZBHex.m in Sources */ = {isa = PBXBuildFile; fileRef = C6BA558F1BFB181B00077FBC /* NSString+ZBHex.m */; };
		C63B17FF1C200B0100B0ECD2 /* ZBErrorDomain+Factory.h in Headers */ = {isa = PBXBuildFile; fileRef = C6BA55521BFB181B00077FBC /* ZBErrorDomain+Factory.h */; };
		C63B18001C200B0500B0ECD2 /* ZBErrorDomain+Factory.m in Sources */ = {isa = PBXBuildFile; fileRef = C6BA55531BFB181B00077FBC /* ZBErrorDomain+Factory.m */; };
		C63B18011C200B0800B0ECD2 /* ZBErrorDomain.h in Headers */ = {isa = PBXBuildFile; fileRef = C6BA55541BFB181B00077FBC /* ZBErrorDomain.h */; settings = {ATTRIBUTES = (Public, ); }; };
		C63B18021C200B0E00B0ECD2 /* ZBErrorDomain.m in Sources */ = {isa = PBXBuildFile; fileRef = C6BA55551BFB181B00077FBC /* ZBErrorDomain.m */; };
		C66828281C032D1B006FFDB1 /* ZBPrinterFunctionSettings.h in Headers */ = {isa = PBXBuildFile; fileRef = C66828261C032D1B006FFDB1 /* ZBPrinterFunctionSettings.h */; settings = {ATTRIBUTES = (Public, ); }; };
		C66828291C032D1B006FFDB1 /* ZBPrinterFunctionSettings.h in Headers */ = {isa = PBXBuildFile; fileRef = C66828261C032D1B006FFDB1 /* ZBPrinterFunctionSettings.h */; settings = {ATTRIBUTES = (Public, ); }; };
		C668282A1C032D1B006FFDB1 /* ZBPrinterFunctionSettings.m in Sources */ = {isa = PBXBuildFile; fileRef = C66828271C032D1B006FFDB1 /* ZBPrinterFunctionSettings.m */; };
		C668282B1C032D1B006FFDB1 /* ZBPrinterFunctionSettings.m in Sources */ = {isa = PBXBuildFile; fileRef = C66828271C032D1B006FFDB1 /* ZBPrinterFunctionSettings.m */; };
		C67065B81C15B7FE00302D0E /* ZBPrinterPageTextComponent.h in Headers */ = {isa = PBXBuildFile; fileRef = C67065B61C15B7FE00302D0E /* ZBPrinterPageTextComponent.h */; settings = {ATTRIBUTES = (Public, ); }; };
		C67065B91C15B7FE00302D0E /* ZBPrinterPageTextComponent.h in Headers */ = {isa = PBXBuildFile; fileRef = C67065B61C15B7FE00302D0E /* ZBPrinterPageTextComponent.h */; settings = {ATTRIBUTES = (Public, ); }; };
		C67065BA1C15B7FE00302D0E /* ZBPrinterPageTextComponent.m in Sources */ = {isa = PBXBuildFile; fileRef = C67065B71C15B7FE00302D0E /* ZBPrinterPageTextComponent.m */; };
		C67065BB1C15B7FE00302D0E /* ZBPrinterPageTextComponent.m in Sources */ = {isa = PBXBuildFile; fileRef = C67065B71C15B7FE00302D0E /* ZBPrinterPageTextComponent.m */; };
		C67065BE1C15B9D200302D0E /* ZBPrinterPageColumnsComponent.h in Headers */ = {isa = PBXBuildFile; fileRef = C67065BC1C15B9D200302D0E /* ZBPrinterPageColumnsComponent.h */; settings = {ATTRIBUTES = (Public, ); }; };
		C67065BF1C15B9D200302D0E /* ZBPrinterPageColumnsComponent.h in Headers */ = {isa = PBXBuildFile; fileRef = C67065BC1C15B9D200302D0E /* ZBPrinterPageColumnsComponent.h */; settings = {ATTRIBUTES = (Public, ); }; };
		C67065C01C15B9D200302D0E /* ZBPrinterPageColumnsComponent.m in Sources */ = {isa = PBXBuildFile; fileRef = C67065BD1C15B9D200302D0E /* ZBPrinterPageColumnsComponent.m */; };
		C67065C11C15B9D200302D0E /* ZBPrinterPageColumnsComponent.m in Sources */ = {isa = PBXBuildFile; fileRef = C67065BD1C15B9D200302D0E /* ZBPrinterPageColumnsComponent.m */; };
		C67065CA1C15BB2C00302D0E /* ZBPrinterPageComponent.h in Headers */ = {isa = PBXBuildFile; fileRef = C67065C81C15BB2C00302D0E /* ZBPrinterPageComponent.h */; settings = {ATTRIBUTES = (Public, ); }; };
		C67065CB1C15BB2C00302D0E /* ZBPrinterPageComponent.h in Headers */ = {isa = PBXBuildFile; fileRef = C67065C81C15BB2C00302D0E /* ZBPrinterPageComponent.h */; settings = {ATTRIBUTES = (Public, ); }; };
		C67065CC1C15BB2C00302D0E /* ZBPrinterPageComponent.m in Sources */ = {isa = PBXBuildFile; fileRef = C67065C91C15BB2C00302D0E /* ZBPrinterPageComponent.m */; };
		C67065CD1C15BB2C00302D0E /* ZBPrinterPageComponent.m in Sources */ = {isa = PBXBuildFile; fileRef = C67065C91C15BB2C00302D0E /* ZBPrinterPageComponent.m */; };
		C6BA55901BFB181B00077FBC /* CBCentralManager+ZBFactory.h in Headers */ = {isa = PBXBuildFile; fileRef = C6BA55471BFB181B00077FBC /* CBCentralManager+ZBFactory.h */; };
		C6BA55911BFB181B00077FBC /* CBCentralManager+ZBFactory.m in Sources */ = {isa = PBXBuildFile; fileRef = C6BA55481BFB181B00077FBC /* CBCentralManager+ZBFactory.m */; };
		C6BA55921BFB181B00077FBC /* CBPeripheral+ZBServices.h in Headers */ = {isa = PBXBuildFile; fileRef = C6BA55491BFB181B00077FBC /* CBPeripheral+ZBServices.h */; };
		C6BA55931BFB181B00077FBC /* CBPeripheral+ZBServices.m in Sources */ = {isa = PBXBuildFile; fileRef = C6BA554A1BFB181B00077FBC /* CBPeripheral+ZBServices.m */; };
		C6BA55941BFB181B00077FBC /* CBService+ZBCharacteristics.h in Headers */ = {isa = PBXBuildFile; fileRef = C6BA554B1BFB181B00077FBC /* CBService+ZBCharacteristics.h */; };
		C6BA55951BFB181B00077FBC /* CBService+ZBCharacteristics.m in Sources */ = {isa = PBXBuildFile; fileRef = C6BA554C1BFB181B00077FBC /* CBService+ZBCharacteristics.m */; };
		C6BA55961BFB181B00077FBC /* ZBCentralManagerDelegateProxy.h in Headers */ = {isa = PBXBuildFile; fileRef = C6BA554D1BFB181B00077FBC /* ZBCentralManagerDelegateProxy.h */; };
		C6BA55971BFB181B00077FBC /* ZBCentralManagerDelegateProxy.m in Sources */ = {isa = PBXBuildFile; fileRef = C6BA554E1BFB181B00077FBC /* ZBCentralManagerDelegateProxy.m */; };
		C6BA55981BFB181B00077FBC /* ZBPeripheralController.h in Headers */ = {isa = PBXBuildFile; fileRef = C6BA554F1BFB181B00077FBC /* ZBPeripheralController.h */; };
		C6BA55991BFB181B00077FBC /* ZBPeripheralController.m in Sources */ = {isa = PBXBuildFile; fileRef = C6BA55501BFB181B00077FBC /* ZBPeripheralController.m */; };
		C6BA559A1BFB181B00077FBC /* ZBErrorDomain+Factory.h in Headers */ = {isa = PBXBuildFile; fileRef = C6BA55521BFB181B00077FBC /* ZBErrorDomain+Factory.h */; };
		C6BA559B1BFB181B00077FBC /* ZBErrorDomain+Factory.m in Sources */ = {isa = PBXBuildFile; fileRef = C6BA55531BFB181B00077FBC /* ZBErrorDomain+Factory.m */; };
		C6BA559C1BFB181B00077FBC /* ZBErrorDomain.h in Headers */ = {isa = PBXBuildFile; fileRef = C6BA55541BFB181B00077FBC /* ZBErrorDomain.h */; settings = {ATTRIBUTES = (Public, ); }; };
		C6BA559D1BFB181B00077FBC /* ZBErrorDomain.m in Sources */ = {isa = PBXBuildFile; fileRef = C6BA55551BFB181B00077FBC /* ZBErrorDomain.m */; };
		C6BA559E1BFB181B00077FBC /* ZBBLEAvailability.h in Headers */ = {isa = PBXBuildFile; fileRef = C6BA55571BFB181B00077FBC /* ZBBLEAvailability.h */; settings = {ATTRIBUTES = (Public, ); }; };
		C6BA559F1BFB181B00077FBC /* ZBBLEAvailability.m in Sources */ = {isa = PBXBuildFile; fileRef = C6BA55581BFB181B00077FBC /* ZBBLEAvailability.m */; };
		C6BA55A01BFB181B00077FBC /* ZBBLEAvailabilityAdapter.h in Headers */ = {isa = PBXBuildFile; fileRef = C6BA55591BFB181B00077FBC /* ZBBLEAvailabilityAdapter.h */; };
		C6BA55A11BFB181B00077FBC /* ZBBLEAvailabilityAdapter.m in Sources */ = {isa = PBXBuildFile; fileRef = C6BA555A1BFB181B00077FBC /* ZBBLEAvailabilityAdapter.m */; };
		C6BA55A21BFB181B00077FBC /* ZBConnectionAttempt.h in Headers */ = {isa = PBXBuildFile; fileRef = C6BA555B1BFB181B00077FBC /* ZBConnectionAttempt.h */; };
		C6BA55A31BFB181B00077FBC /* ZBConnectionAttempt.m in Sources */ = {isa = PBXBuildFile; fileRef = C6BA555C1BFB181B00077FBC /* ZBConnectionAttempt.m */; };
		C6BA55A41BFB181B00077FBC /* ZBConnectionPool.h in Headers */ = {isa = PBXBuildFile; fileRef = C6BA555D1BFB181B00077FBC /* ZBConnectionPool.h */; };
		C6BA55A51BFB181B00077FBC /* ZBConnectionPool.m in Sources */ = {isa = PBXBuildFile; fileRef = C6BA555E1BFB181B00077FBC /* ZBConnectionPool.m */; };
		C6BA55A61BFB181B00077FBC /* ZBConnectivity.h in Headers */ = {isa = PBXBuildFile; fileRef = C6BA555F1BFB181B00077FBC /* ZBConnectivity.h */; settings = {ATTRIBUTES = (Public, ); }; };
		C6BA55A71BFB181B00077FBC /* ZBConnectivity.m in Sources */ = {isa = PBXBuildFile; fileRef = C6BA55601BFB181B00077FBC /* ZBConnectivity.m */; };
		C6BA55A81BFB181B00077FBC /* ZBZeeba+SharedInstance.h in Headers */ = {isa = PBXBuildFile; fileRef = C6BA55611BFB181B00077FBC /* ZBZeeba+SharedInstance.h */; settings = {ATTRIBUTES = (Public, ); }; };
		C6BA55A91BFB181B00077FBC /* ZBZeeba+SharedInstance.m in Sources */ = {isa = PBXBuildFile; fileRef = C6BA55621BFB181B00077FBC /* ZBZeeba+SharedInstance.m */; };
		C6BA55AA1BFB181B00077FBC /* ZBZeeba.h in Headers */ = {isa = PBXBuildFile; fileRef = C6BA55631BFB181B00077FBC /* ZBZeeba.h */; settings = {ATTRIBUTES = (Public, ); }; };
		C6BA55AB1BFB181B00077FBC /* ZBZeeba.m in Sources */ = {isa = PBXBuildFile; fileRef = C6BA55641BFB181B00077FBC /* ZBZeeba.m */; };
		C6BA55AC1BFB181B00077FBC /* ZBPrinter+HexCmd.h in Headers */ = {isa = PBXBuildFile; fileRef = C6BA55661BFB181B00077FBC /* ZBPrinter+HexCmd.h */; };
		C6BA55AD1BFB181B00077FBC /* ZBPrinter+HexCmd.m in Sources */ = {isa = PBXBuildFile; fileRef = C6BA55671BFB181B00077FBC /* ZBPrinter+HexCmd.m */; };
		C6BA55AE1BFB181B00077FBC /* ZBPrinter+Private.h in Headers */ = {isa = PBXBuildFile; fileRef = C6BA55681BFB181B00077FBC /* ZBPrinter+Private.h */; };
		C6BA55AF1BFB181B00077FBC /* ZBPrinter+Private.m in Sources */ = {isa = PBXBuildFile; fileRef = C6BA55691BFB181B00077FBC /* ZBPrinter+Private.m */; };
		C6BA55B01BFB181B00077FBC /* ZBPrinter.h in Headers */ = {isa = PBXBuildFile; fileRef = C6BA556A1BFB181B00077FBC /* ZBPrinter.h */; settings = {ATTRIBUTES = (Public, ); }; };
		C6BA55B11BFB181B00077FBC /* ZBPrinter.m in Sources */ = {isa = PBXBuildFile; fileRef = C6BA556B1BFB181B00077FBC /* ZBPrinter.m */; };
		C6BA55B21BFB181B00077FBC /* ZBScanner.h in Headers */ = {isa = PBXBuildFile; fileRef = C6BA556D1BFB181B00077FBC /* ZBScanner.h */; };
		C6BA55B31BFB181B00077FBC /* ZBScanner.m in Sources */ = {isa = PBXBuildFile; fileRef = C6BA556E1BFB181B00077FBC /* ZBScanner.m */; };
		C6BA55B41BFB181B00077FBC /* ZBSerialPortCommunicator+Private.h in Headers */ = {isa = PBXBuildFile; fileRef = C6BA55701BFB181B00077FBC /* ZBSerialPortCommunicator+Private.h */; };
		C6BA55B51BFB181B00077FBC /* ZBSerialPortCommunicator+Private.m in Sources */ = {isa = PBXBuildFile; fileRef = C6BA55711BFB181B00077FBC /* ZBSerialPortCommunicator+Private.m */; };
		C6BA55B61BFB181B00077FBC /* ZBSerialPortCommunicator.h in Headers */ = {isa = PBXBuildFile; fileRef = C6BA55721BFB181B00077FBC /* ZBSerialPortCommunicator.h */; };
		C6BA55B71BFB181B00077FBC /* ZBSerialPortCommunicator.m in Sources */ = {isa = PBXBuildFile; fileRef = C6BA55731BFB181B00077FBC /* ZBSerialPortCommunicator.m */; };
		C6BA55B81BFB181B00077FBC /* ZBSerialPortCommunicatorTask.h in Headers */ = {isa = PBXBuildFile; fileRef = C6BA55741BFB181B00077FBC /* ZBSerialPortCommunicatorTask.h */; };
		C6BA55B91BFB181B00077FBC /* ZBSerialPortCommunicatorTask.m in Sources */ = {isa = PBXBuildFile; fileRef = C6BA55751BFB181B00077FBC /* ZBSerialPortCommunicatorTask.m */; };
		C6BA55BA1BFB181B00077FBC /* ZBSerialPortConfiguration+Factory.h in Headers */ = {isa = PBXBuildFile; fileRef = C6BA55761BFB181B00077FBC /* ZBSerialPortConfiguration+Factory.h */; };
		C6BA55BB1BFB181C00077FBC /* ZBSerialPortConfiguration+Factory.m in Sources */ = {isa = PBXBuildFile; fileRef = C6BA55771BFB181B00077FBC /* ZBSerialPortConfiguration+Factory.m */; };
		C6BA55BC1BFB181C00077FBC /* ZBSerialPortConfiguration.h in Headers */ = {isa = PBXBuildFile; fileRef = C6BA55781BFB181B00077FBC /* ZBSerialPortConfiguration.h */; };
		C6BA55BD1BFB181C00077FBC /* ZBSerialPortConfiguration.m in Sources */ = {isa = PBXBuildFile; fileRef = C6BA55791BFB181B00077FBC /* ZBSerialPortConfiguration.m */; };
		C6BA55BE1BFB181C00077FBC /* ZBSerialPortConfigurator.h in Headers */ = {isa = PBXBuildFile; fileRef = C6BA557A1BFB181B00077FBC /* ZBSerialPortConfigurator.h */; };
		C6BA55BF1BFB181C00077FBC /* ZBSerialPortConfigurator.m in Sources */ = {isa = PBXBuildFile; fileRef = C6BA557B1BFB181B00077FBC /* ZBSerialPortConfigurator.m */; };
		C6BA55C01BFB181C00077FBC /* ZBStand+Private.h in Headers */ = {isa = PBXBuildFile; fileRef = C6BA557D1BFB181B00077FBC /* ZBStand+Private.h */; };
		C6BA55C11BFB181C00077FBC /* ZBStand+Private.m in Sources */ = {isa = PBXBuildFile; fileRef = C6BA557E1BFB181B00077FBC /* ZBStand+Private.m */; };
		C6BA55C21BFB181C00077FBC /* ZBStand.h in Headers */ = {isa = PBXBuildFile; fileRef = C6BA557F1BFB181B00077FBC /* ZBStand.h */; settings = {ATTRIBUTES = (Public, ); }; };
		C6BA55C31BFB181C00077FBC /* ZBStand.m in Sources */ = {isa = PBXBuildFile; fileRef = C6BA55801BFB181B00077FBC /* ZBStand.m */; };
		C6BA55C41BFB181C00077FBC /* ZBStandModelNumberParser.h in Headers */ = {isa = PBXBuildFile; fileRef = C6BA55811BFB181B00077FBC /* ZBStandModelNumberParser.h */; };
		C6BA55C51BFB181C00077FBC /* ZBStandModelNumberParser.m in Sources */ = {isa = PBXBuildFile; fileRef = C6BA55821BFB181B00077FBC /* ZBStandModelNumberParser.m */; };
		C6BA55C61BFB181C00077FBC /* NSData+ZBDescriptionBits.h in Headers */ = {isa = PBXBuildFile; fileRef = C6BA55841BFB181B00077FBC /* NSData+ZBDescriptionBits.h */; };
		C6BA55C71BFB181C00077FBC /* NSData+ZBDescriptionBits.m in Sources */ = {isa = PBXBuildFile; fileRef = C6BA55851BFB181B00077FBC /* NSData+ZBDescriptionBits.m */; };
		C6BA55C81BFB181C00077FBC /* NSData+ZBHex.h in Headers */ = {isa = PBXBuildFile; fileRef = C6BA55861BFB181B00077FBC /* NSData+ZBHex.h */; };
		C6BA55C91BFB181C00077FBC /* NSData+ZBHex.m in Sources */ = {isa = PBXBuildFile; fileRef = C6BA55871BFB181B00077FBC /* NSData+ZBHex.m */; };
		C6BA55CA1BFB181C00077FBC /* NSData+ZBReverse.h in Headers */ = {isa = PBXBuildFile; fileRef = C6BA55881BFB181B00077FBC /* NSData+ZBReverse.h */; };
		C6BA55CB1BFB181C00077FBC /* NSData+ZBReverse.m in Sources */ = {isa = PBXBuildFile; fileRef = C6BA55891BFB181B00077FBC /* NSData+ZBReverse.m */; };
		C6BA55CC1BFB181C00077FBC /* NSData+ZBTrim.h in Headers */ = {isa = PBXBuildFile; fileRef = C6BA558A1BFB181B00077FBC /* NSData+ZBTrim.h */; };
		C6BA55CD1BFB181C00077FBC /* NSData+ZBTrim.m in Sources */ = {isa = PBXBuildFile; fileRef = C6BA558B1BFB181B00077FBC /* NSData+ZBTrim.m */; };
		C6BA55CE1BFB181C00077FBC /* NSMutableData+ZBPrepend.h in Headers */ = {isa = PBXBuildFile; fileRef = C6BA558C1BFB181B00077FBC /* NSMutableData+ZBPrepend.h */; };
		C6BA55CF1BFB181C00077FBC /* NSMutableData+ZBPrepend.m in Sources */ = {isa = PBXBuildFile; fileRef = C6BA558D1BFB181B00077FBC /* NSMutableData+ZBPrepend.m */; };
		C6BA55D01BFB181C00077FBC /* NSString+ZBHex.h in Headers */ = {isa = PBXBuildFile; fileRef = C6BA558E1BFB181B00077FBC /* NSString+ZBHex.h */; };
		C6BA55D11BFB181C00077FBC /* NSString+ZBHex.m in Sources */ = {isa = PBXBuildFile; fileRef = C6BA558F1BFB181B00077FBC /* NSString+ZBHex.m */; };
		C6BA55D41BFB20B800077FBC /* ZBPrinter+Advanced.h in Headers */ = {isa = PBXBuildFile; fileRef = C6BA55D21BFB20B800077FBC /* ZBPrinter+Advanced.h */; settings = {ATTRIBUTES = (Public, ); }; };
		C6BA55D51BFB20B800077FBC /* ZBPrinter+Advanced.h in Headers */ = {isa = PBXBuildFile; fileRef = C6BA55D21BFB20B800077FBC /* ZBPrinter+Advanced.h */; settings = {ATTRIBUTES = (Public, ); }; };
		C6BA55D61BFB20B800077FBC /* ZBPrinter+Advanced.m in Sources */ = {isa = PBXBuildFile; fileRef = C6BA55D31BFB20B800077FBC /* ZBPrinter+Advanced.m */; };
		C6BA55D71BFB20B800077FBC /* ZBPrinter+Advanced.m in Sources */ = {isa = PBXBuildFile; fileRef = C6BA55D31BFB20B800077FBC /* ZBPrinter+Advanced.m */; };
		C6CA5D081C06EFE0000F6CBA /* ZBPrinterFunctionSettings+Factory.h in Headers */ = {isa = PBXBuildFile; fileRef = C6CA5D061C06EFE0000F6CBA /* ZBPrinterFunctionSettings+Factory.h */; };
		C6CA5D091C06EFE0000F6CBA /* ZBPrinterFunctionSettings+Factory.h in Headers */ = {isa = PBXBuildFile; fileRef = C6CA5D061C06EFE0000F6CBA /* ZBPrinterFunctionSettings+Factory.h */; };
		C6CA5D0A1C06EFE0000F6CBA /* ZBPrinterFunctionSettings+Factory.m in Sources */ = {isa = PBXBuildFile; fileRef = C6CA5D071C06EFE0000F6CBA /* ZBPrinterFunctionSettings+Factory.m */; };
		C6CA5D0B1C06EFE0000F6CBA /* ZBPrinterFunctionSettings+Factory.m in Sources */ = {isa = PBXBuildFile; fileRef = C6CA5D071C06EFE0000F6CBA /* ZBPrinterFunctionSettings+Factory.m */; };
		C6CA5D0E1C06F4B6000F6CBA /* ZBPrinterTask.h in Headers */ = {isa = PBXBuildFile; fileRef = C6CA5D0C1C06F4B6000F6CBA /* ZBPrinterTask.h */; };
		C6CA5D0F1C06F4B6000F6CBA /* ZBPrinterTask.h in Headers */ = {isa = PBXBuildFile; fileRef = C6CA5D0C1C06F4B6000F6CBA /* ZBPrinterTask.h */; };
		C6CA5D101C06F4B6000F6CBA /* ZBPrinterTask.m in Sources */ = {isa = PBXBuildFile; fileRef = C6CA5D0D1C06F4B6000F6CBA /* ZBPrinterTask.m */; };
		C6CA5D111C06F4B6000F6CBA /* ZBPrinterTask.m in Sources */ = {isa = PBXBuildFile; fileRef = C6CA5D0D1C06F4B6000F6CBA /* ZBPrinterTask.m */; };
		C6CA5D141C071196000F6CBA /* ZBPrinterStatusUpdate.h in Headers */ = {isa = PBXBuildFile; fileRef = C6CA5D121C071196000F6CBA /* ZBPrinterStatusUpdate.h */; };
		C6CA5D151C071196000F6CBA /* ZBPrinterStatusUpdate.h in Headers */ = {isa = PBXBuildFile; fileRef = C6CA5D121C071196000F6CBA /* ZBPrinterStatusUpdate.h */; };
		C6CA5D161C071196000F6CBA /* ZBPrinterStatusUpdate.m in Sources */ = {isa = PBXBuildFile; fileRef = C6CA5D131C071196000F6CBA /* ZBPrinterStatusUpdate.m */; };
		C6CA5D171C071196000F6CBA /* ZBPrinterStatusUpdate.m in Sources */ = {isa = PBXBuildFile; fileRef = C6CA5D131C071196000F6CBA /* ZBPrinterStatusUpdate.m */; };
		C6D9E84E1C16DC5800F12EB5 /* NSString+ZBWordWrap.h in Headers */ = {isa = PBXBuildFile; fileRef = C6D9E84C1C16DC5800F12EB5 /* NSString+ZBWordWrap.h */; };
		C6D9E84F1C16DC5800F12EB5 /* NSString+ZBWordWrap.h in Headers */ = {isa = PBXBuildFile; fileRef = C6D9E84C1C16DC5800F12EB5 /* NSString+ZBWordWrap.h */; };
		C6D9E8501C16DC5800F12EB5 /* NSString+ZBWordWrap.m in Sources */ = {isa = PBXBuildFile; fileRef = C6D9E84D1C16DC5800F12EB5 /* NSString+ZBWordWrap.m */; };
		C6D9E8511C16DC5800F12EB5 /* NSString+ZBWordWrap.m in Sources */ = {isa = PBXBuildFile; fileRef = C6D9E84D1C16DC5800F12EB5 /* NSString+ZBWordWrap.m */; };
		C6F1AEAC1C20263D0038697E /* ZBZeeba+SDKKeyValidation.h in Headers */ = {isa = PBXBuildFile; fileRef = C6F1AEAA1C20263D0038697E /* ZBZeeba+SDKKeyValidation.h */; };
		C6F1AEAD1C20263D0038697E /* ZBZeeba+SDKKeyValidation.h in Headers */ = {isa = PBXBuildFile; fileRef = C6F1AEAA1C20263D0038697E /* ZBZeeba+SDKKeyValidation.h */; };
		C6F1AEAE1C20263D0038697E /* ZBZeeba+SDKKeyValidation.m in Sources */ = {isa = PBXBuildFile; fileRef = C6F1AEAB1C20263D0038697E /* ZBZeeba+SDKKeyValidation.m */; };
		C6F1AEAF1C20263D0038697E /* ZBZeeba+SDKKeyValidation.m in Sources */ = {isa = PBXBuildFile; fileRef = C6F1AEAB1C20263D0038697E /* ZBZeeba+SDKKeyValidation.m */; };
/* End PBXBuildFile section */

/* Begin PBXFileReference section */
		C60911D71BFC8AA2001E70BA /* ZBSerialPortDataReception.h */ = {isa = PBXFileReference; fileEncoding = 4; lastKnownFileType = sourcecode.c.h; path = ZBSerialPortDataReception.h; sourceTree = "<group>"; };
		C60911D81BFC8AA2001E70BA /* ZBSerialPortDataReception.m */ = {isa = PBXFileReference; fileEncoding = 4; lastKnownFileType = sourcecode.c.objc; path = ZBSerialPortDataReception.m; sourceTree = "<group>"; };
		C60911DD1BFDB690001E70BA /* ZBDebugging.h */ = {isa = PBXFileReference; fileEncoding = 4; lastKnownFileType = sourcecode.c.h; path = ZBDebugging.h; sourceTree = "<group>"; };
		C610B06B1BCE41C100DF3854 /* Zeeba.framework */ = {isa = PBXFileReference; explicitFileType = wrapper.framework; includeInIndex = 0; path = Zeeba.framework; sourceTree = BUILT_PRODUCTS_DIR; };
		C610B0781BCE42C200DF3854 /* Zeeba.h */ = {isa = PBXFileReference; fileEncoding = 4; lastKnownFileType = sourcecode.c.h; path = Zeeba.h; sourceTree = "<group>"; };
		C610B07A1BCE42C200DF3854 /* Info.plist */ = {isa = PBXFileReference; fileEncoding = 4; lastKnownFileType = text.plist.xml; path = Info.plist; sourceTree = "<group>"; };
		C610B0861BCE504C00DF3854 /* Zeeba.framework */ = {isa = PBXFileReference; explicitFileType = wrapper.framework; includeInIndex = 0; path = Zeeba.framework; sourceTree = BUILT_PRODUCTS_DIR; };
		C62872BE1C15B6B30016217C /* ZBPrinterPageBuilder.h */ = {isa = PBXFileReference; fileEncoding = 4; lastKnownFileType = sourcecode.c.h; path = ZBPrinterPageBuilder.h; sourceTree = "<group>"; };
		C62872BF1C15B6B30016217C /* ZBPrinterPageBuilder.m */ = {isa = PBXFileReference; fileEncoding = 4; lastKnownFileType = sourcecode.c.objc; path = ZBPrinterPageBuilder.m; sourceTree = "<group>"; };
		C66828261C032D1B006FFDB1 /* ZBPrinterFunctionSettings.h */ = {isa = PBXFileReference; fileEncoding = 4; lastKnownFileType = sourcecode.c.h; path = ZBPrinterFunctionSettings.h; sourceTree = "<group>"; };
		C66828271C032D1B006FFDB1 /* ZBPrinterFunctionSettings.m */ = {isa = PBXFileReference; fileEncoding = 4; lastKnownFileType = sourcecode.c.objc; path = ZBPrinterFunctionSettings.m; sourceTree = "<group>"; };
		C67065B61C15B7FE00302D0E /* ZBPrinterPageTextComponent.h */ = {isa = PBXFileReference; fileEncoding = 4; lastKnownFileType = sourcecode.c.h; path = ZBPrinterPageTextComponent.h; sourceTree = "<group>"; };
		C67065B71C15B7FE00302D0E /* ZBPrinterPageTextComponent.m */ = {isa = PBXFileReference; fileEncoding = 4; lastKnownFileType = sourcecode.c.objc; path = ZBPrinterPageTextComponent.m; sourceTree = "<group>"; };
		C67065BC1C15B9D200302D0E /* ZBPrinterPageColumnsComponent.h */ = {isa = PBXFileReference; fileEncoding = 4; lastKnownFileType = sourcecode.c.h; path = ZBPrinterPageColumnsComponent.h; sourceTree = "<group>"; };
		C67065BD1C15B9D200302D0E /* ZBPrinterPageColumnsComponent.m */ = {isa = PBXFileReference; fileEncoding = 4; lastKnownFileType = sourcecode.c.objc; path = ZBPrinterPageColumnsComponent.m; sourceTree = "<group>"; };
		C67065C81C15BB2C00302D0E /* ZBPrinterPageComponent.h */ = {isa = PBXFileReference; fileEncoding = 4; lastKnownFileType = sourcecode.c.h; path = ZBPrinterPageComponent.h; sourceTree = "<group>"; };
		C67065C91C15BB2C00302D0E /* ZBPrinterPageComponent.m */ = {isa = PBXFileReference; fileEncoding = 4; lastKnownFileType = sourcecode.c.objc; path = ZBPrinterPageComponent.m; sourceTree = "<group>"; };
		C6BA55471BFB181B00077FBC /* CBCentralManager+ZBFactory.h */ = {isa = PBXFileReference; fileEncoding = 4; lastKnownFileType = sourcecode.c.h; path = "CBCentralManager+ZBFactory.h"; sourceTree = "<group>"; };
		C6BA55481BFB181B00077FBC /* CBCentralManager+ZBFactory.m */ = {isa = PBXFileReference; fileEncoding = 4; lastKnownFileType = sourcecode.c.objc; path = "CBCentralManager+ZBFactory.m"; sourceTree = "<group>"; };
		C6BA55491BFB181B00077FBC /* CBPeripheral+ZBServices.h */ = {isa = PBXFileReference; fileEncoding = 4; lastKnownFileType = sourcecode.c.h; path = "CBPeripheral+ZBServices.h"; sourceTree = "<group>"; };
		C6BA554A1BFB181B00077FBC /* CBPeripheral+ZBServices.m */ = {isa = PBXFileReference; fileEncoding = 4; lastKnownFileType = sourcecode.c.objc; path = "CBPeripheral+ZBServices.m"; sourceTree = "<group>"; };
		C6BA554B1BFB181B00077FBC /* CBService+ZBCharacteristics.h */ = {isa = PBXFileReference; fileEncoding = 4; lastKnownFileType = sourcecode.c.h; path = "CBService+ZBCharacteristics.h"; sourceTree = "<group>"; };
		C6BA554C1BFB181B00077FBC /* CBService+ZBCharacteristics.m */ = {isa = PBXFileReference; fileEncoding = 4; lastKnownFileType = sourcecode.c.objc; path = "CBService+ZBCharacteristics.m"; sourceTree = "<group>"; };
		C6BA554D1BFB181B00077FBC /* ZBCentralManagerDelegateProxy.h */ = {isa = PBXFileReference; fileEncoding = 4; lastKnownFileType = sourcecode.c.h; path = ZBCentralManagerDelegateProxy.h; sourceTree = "<group>"; };
		C6BA554E1BFB181B00077FBC /* ZBCentralManagerDelegateProxy.m */ = {isa = PBXFileReference; fileEncoding = 4; lastKnownFileType = sourcecode.c.objc; path = ZBCentralManagerDelegateProxy.m; sourceTree = "<group>"; };
		C6BA554F1BFB181B00077FBC /* ZBPeripheralController.h */ = {isa = PBXFileReference; fileEncoding = 4; lastKnownFileType = sourcecode.c.h; path = ZBPeripheralController.h; sourceTree = "<group>"; };
		C6BA55501BFB181B00077FBC /* ZBPeripheralController.m */ = {isa = PBXFileReference; fileEncoding = 4; lastKnownFileType = sourcecode.c.objc; path = ZBPeripheralController.m; sourceTree = "<group>"; };
		C6BA55521BFB181B00077FBC /* ZBErrorDomain+Factory.h */ = {isa = PBXFileReference; fileEncoding = 4; lastKnownFileType = sourcecode.c.h; path = "ZBErrorDomain+Factory.h"; sourceTree = "<group>"; };
		C6BA55531BFB181B00077FBC /* ZBErrorDomain+Factory.m */ = {isa = PBXFileReference; fileEncoding = 4; lastKnownFileType = sourcecode.c.objc; path = "ZBErrorDomain+Factory.m"; sourceTree = "<group>"; };
		C6BA55541BFB181B00077FBC /* ZBErrorDomain.h */ = {isa = PBXFileReference; fileEncoding = 4; lastKnownFileType = sourcecode.c.h; path = ZBErrorDomain.h; sourceTree = "<group>"; };
		C6BA55551BFB181B00077FBC /* ZBErrorDomain.m */ = {isa = PBXFileReference; fileEncoding = 4; lastKnownFileType = sourcecode.c.objc; path = ZBErrorDomain.m; sourceTree = "<group>"; };
		C6BA55571BFB181B00077FBC /* ZBBLEAvailability.h */ = {isa = PBXFileReference; fileEncoding = 4; lastKnownFileType = sourcecode.c.h; path = ZBBLEAvailability.h; sourceTree = "<group>"; };
		C6BA55581BFB181B00077FBC /* ZBBLEAvailability.m */ = {isa = PBXFileReference; fileEncoding = 4; lastKnownFileType = sourcecode.c.objc; path = ZBBLEAvailability.m; sourceTree = "<group>"; };
		C6BA55591BFB181B00077FBC /* ZBBLEAvailabilityAdapter.h */ = {isa = PBXFileReference; fileEncoding = 4; lastKnownFileType = sourcecode.c.h; path = ZBBLEAvailabilityAdapter.h; sourceTree = "<group>"; };
		C6BA555A1BFB181B00077FBC /* ZBBLEAvailabilityAdapter.m */ = {isa = PBXFileReference; fileEncoding = 4; lastKnownFileType = sourcecode.c.objc; path = ZBBLEAvailabilityAdapter.m; sourceTree = "<group>"; };
		C6BA555B1BFB181B00077FBC /* ZBConnectionAttempt.h */ = {isa = PBXFileReference; fileEncoding = 4; lastKnownFileType = sourcecode.c.h; path = ZBConnectionAttempt.h; sourceTree = "<group>"; };
		C6BA555C1BFB181B00077FBC /* ZBConnectionAttempt.m */ = {isa = PBXFileReference; fileEncoding = 4; lastKnownFileType = sourcecode.c.objc; path = ZBConnectionAttempt.m; sourceTree = "<group>"; };
		C6BA555D1BFB181B00077FBC /* ZBConnectionPool.h */ = {isa = PBXFileReference; fileEncoding = 4; lastKnownFileType = sourcecode.c.h; path = ZBConnectionPool.h; sourceTree = "<group>"; };
		C6BA555E1BFB181B00077FBC /* ZBConnectionPool.m */ = {isa = PBXFileReference; fileEncoding = 4; lastKnownFileType = sourcecode.c.objc; path = ZBConnectionPool.m; sourceTree = "<group>"; };
		C6BA555F1BFB181B00077FBC /* ZBConnectivity.h */ = {isa = PBXFileReference; fileEncoding = 4; lastKnownFileType = sourcecode.c.h; path = ZBConnectivity.h; sourceTree = "<group>"; };
		C6BA55601BFB181B00077FBC /* ZBConnectivity.m */ = {isa = PBXFileReference; fileEncoding = 4; lastKnownFileType = sourcecode.c.objc; path = ZBConnectivity.m; sourceTree = "<group>"; };
		C6BA55611BFB181B00077FBC /* ZBZeeba+SharedInstance.h */ = {isa = PBXFileReference; fileEncoding = 4; lastKnownFileType = sourcecode.c.h; path = "ZBZeeba+SharedInstance.h"; sourceTree = "<group>"; };
		C6BA55621BFB181B00077FBC /* ZBZeeba+SharedInstance.m */ = {isa = PBXFileReference; fileEncoding = 4; lastKnownFileType = sourcecode.c.objc; path = "ZBZeeba+SharedInstance.m"; sourceTree = "<group>"; };
		C6BA55631BFB181B00077FBC /* ZBZeeba.h */ = {isa = PBXFileReference; fileEncoding = 4; lastKnownFileType = sourcecode.c.h; path = ZBZeeba.h; sourceTree = "<group>"; };
		C6BA55641BFB181B00077FBC /* ZBZeeba.m */ = {isa = PBXFileReference; fileEncoding = 4; lastKnownFileType = sourcecode.c.objc; path = ZBZeeba.m; sourceTree = "<group>"; };
		C6BA55661BFB181B00077FBC /* ZBPrinter+HexCmd.h */ = {isa = PBXFileReference; fileEncoding = 4; lastKnownFileType = sourcecode.c.h; path = "ZBPrinter+HexCmd.h"; sourceTree = "<group>"; };
		C6BA55671BFB181B00077FBC /* ZBPrinter+HexCmd.m */ = {isa = PBXFileReference; fileEncoding = 4; lastKnownFileType = sourcecode.c.objc; path = "ZBPrinter+HexCmd.m"; sourceTree = "<group>"; };
		C6BA55681BFB181B00077FBC /* ZBPrinter+Private.h */ = {isa = PBXFileReference; fileEncoding = 4; lastKnownFileType = sourcecode.c.h; path = "ZBPrinter+Private.h"; sourceTree = "<group>"; };
		C6BA55691BFB181B00077FBC /* ZBPrinter+Private.m */ = {isa = PBXFileReference; fileEncoding = 4; lastKnownFileType = sourcecode.c.objc; path = "ZBPrinter+Private.m"; sourceTree = "<group>"; };
		C6BA556A1BFB181B00077FBC /* ZBPrinter.h */ = {isa = PBXFileReference; fileEncoding = 4; lastKnownFileType = sourcecode.c.h; path = ZBPrinter.h; sourceTree = "<group>"; };
		C6BA556B1BFB181B00077FBC /* ZBPrinter.m */ = {isa = PBXFileReference; fileEncoding = 4; lastKnownFileType = sourcecode.c.objc; path = ZBPrinter.m; sourceTree = "<group>"; };
		C6BA556D1BFB181B00077FBC /* ZBScanner.h */ = {isa = PBXFileReference; fileEncoding = 4; lastKnownFileType = sourcecode.c.h; name = ZBScanner.h; path = ../Scanner/ZBScanner.h; sourceTree = "<group>"; };
		C6BA556E1BFB181B00077FBC /* ZBScanner.m */ = {isa = PBXFileReference; fileEncoding = 4; lastKnownFileType = sourcecode.c.objc; name = ZBScanner.m; path = ../Scanner/ZBScanner.m; sourceTree = "<group>"; };
		C6BA55701BFB181B00077FBC /* ZBSerialPortCommunicator+Private.h */ = {isa = PBXFileReference; fileEncoding = 4; lastKnownFileType = sourcecode.c.h; path = "ZBSerialPortCommunicator+Private.h"; sourceTree = "<group>"; };
		C6BA55711BFB181B00077FBC /* ZBSerialPortCommunicator+Private.m */ = {isa = PBXFileReference; fileEncoding = 4; lastKnownFileType = sourcecode.c.objc; path = "ZBSerialPortCommunicator+Private.m"; sourceTree = "<group>"; };
		C6BA55721BFB181B00077FBC /* ZBSerialPortCommunicator.h */ = {isa = PBXFileReference; fileEncoding = 4; lastKnownFileType = sourcecode.c.h; path = ZBSerialPortCommunicator.h; sourceTree = "<group>"; };
		C6BA55731BFB181B00077FBC /* ZBSerialPortCommunicator.m */ = {isa = PBXFileReference; fileEncoding = 4; lastKnownFileType = sourcecode.c.objc; path = ZBSerialPortCommunicator.m; sourceTree = "<group>"; };
		C6BA55741BFB181B00077FBC /* ZBSerialPortCommunicatorTask.h */ = {isa = PBXFileReference; fileEncoding = 4; lastKnownFileType = sourcecode.c.h; path = ZBSerialPortCommunicatorTask.h; sourceTree = "<group>"; };
		C6BA55751BFB181B00077FBC /* ZBSerialPortCommunicatorTask.m */ = {isa = PBXFileReference; fileEncoding = 4; lastKnownFileType = sourcecode.c.objc; path = ZBSerialPortCommunicatorTask.m; sourceTree = "<group>"; };
		C6BA55761BFB181B00077FBC /* ZBSerialPortConfiguration+Factory.h */ = {isa = PBXFileReference; fileEncoding = 4; lastKnownFileType = sourcecode.c.h; path = "ZBSerialPortConfiguration+Factory.h"; sourceTree = "<group>"; };
		C6BA55771BFB181B00077FBC /* ZBSerialPortConfiguration+Factory.m */ = {isa = PBXFileReference; fileEncoding = 4; lastKnownFileType = sourcecode.c.objc; path = "ZBSerialPortConfiguration+Factory.m"; sourceTree = "<group>"; };
		C6BA55781BFB181B00077FBC /* ZBSerialPortConfiguration.h */ = {isa = PBXFileReference; fileEncoding = 4; lastKnownFileType = sourcecode.c.h; path = ZBSerialPortConfiguration.h; sourceTree = "<group>"; };
		C6BA55791BFB181B00077FBC /* ZBSerialPortConfiguration.m */ = {isa = PBXFileReference; fileEncoding = 4; lastKnownFileType = sourcecode.c.objc; path = ZBSerialPortConfiguration.m; sourceTree = "<group>"; };
		C6BA557A1BFB181B00077FBC /* ZBSerialPortConfigurator.h */ = {isa = PBXFileReference; fileEncoding = 4; lastKnownFileType = sourcecode.c.h; path = ZBSerialPortConfigurator.h; sourceTree = "<group>"; };
		C6BA557B1BFB181B00077FBC /* ZBSerialPortConfigurator.m */ = {isa = PBXFileReference; fileEncoding = 4; lastKnownFileType = sourcecode.c.objc; path = ZBSerialPortConfigurator.m; sourceTree = "<group>"; };
		C6BA557D1BFB181B00077FBC /* ZBStand+Private.h */ = {isa = PBXFileReference; fileEncoding = 4; lastKnownFileType = sourcecode.c.h; path = "ZBStand+Private.h"; sourceTree = "<group>"; };
		C6BA557E1BFB181B00077FBC /* ZBStand+Private.m */ = {isa = PBXFileReference; fileEncoding = 4; lastKnownFileType = sourcecode.c.objc; path = "ZBStand+Private.m"; sourceTree = "<group>"; };
		C6BA557F1BFB181B00077FBC /* ZBStand.h */ = {isa = PBXFileReference; fileEncoding = 4; lastKnownFileType = sourcecode.c.h; path = ZBStand.h; sourceTree = "<group>"; };
		C6BA55801BFB181B00077FBC /* ZBStand.m */ = {isa = PBXFileReference; fileEncoding = 4; lastKnownFileType = sourcecode.c.objc; path = ZBStand.m; sourceTree = "<group>"; };
		C6BA55811BFB181B00077FBC /* ZBStandModelNumberParser.h */ = {isa = PBXFileReference; fileEncoding = 4; lastKnownFileType = sourcecode.c.h; path = ZBStandModelNumberParser.h; sourceTree = "<group>"; };
		C6BA55821BFB181B00077FBC /* ZBStandModelNumberParser.m */ = {isa = PBXFileReference; fileEncoding = 4; lastKnownFileType = sourcecode.c.objc; path = ZBStandModelNumberParser.m; sourceTree = "<group>"; };
		C6BA55841BFB181B00077FBC /* NSData+ZBDescriptionBits.h */ = {isa = PBXFileReference; fileEncoding = 4; lastKnownFileType = sourcecode.c.h; path = "NSData+ZBDescriptionBits.h"; sourceTree = "<group>"; };
		C6BA55851BFB181B00077FBC /* NSData+ZBDescriptionBits.m */ = {isa = PBXFileReference; fileEncoding = 4; lastKnownFileType = sourcecode.c.objc; path = "NSData+ZBDescriptionBits.m"; sourceTree = "<group>"; };
		C6BA55861BFB181B00077FBC /* NSData+ZBHex.h */ = {isa = PBXFileReference; fileEncoding = 4; lastKnownFileType = sourcecode.c.h; path = "NSData+ZBHex.h"; sourceTree = "<group>"; };
		C6BA55871BFB181B00077FBC /* NSData+ZBHex.m */ = {isa = PBXFileReference; fileEncoding = 4; lastKnownFileType = sourcecode.c.objc; path = "NSData+ZBHex.m"; sourceTree = "<group>"; };
		C6BA55881BFB181B00077FBC /* NSData+ZBReverse.h */ = {isa = PBXFileReference; fileEncoding = 4; lastKnownFileType = sourcecode.c.h; path = "NSData+ZBReverse.h"; sourceTree = "<group>"; };
		C6BA55891BFB181B00077FBC /* NSData+ZBReverse.m */ = {isa = PBXFileReference; fileEncoding = 4; lastKnownFileType = sourcecode.c.objc; path = "NSData+ZBReverse.m"; sourceTree = "<group>"; };
		C6BA558A1BFB181B00077FBC /* NSData+ZBTrim.h */ = {isa = PBXFileReference; fileEncoding = 4; lastKnownFileType = sourcecode.c.h; path = "NSData+ZBTrim.h"; sourceTree = "<group>"; };
		C6BA558B1BFB181B00077FBC /* NSData+ZBTrim.m */ = {isa = PBXFileReference; fileEncoding = 4; lastKnownFileType = sourcecode.c.objc; path = "NSData+ZBTrim.m"; sourceTree = "<group>"; };
		C6BA558C1BFB181B00077FBC /* NSMutableData+ZBPrepend.h */ = {isa = PBXFileReference; fileEncoding = 4; lastKnownFileType = sourcecode.c.h; path = "NSMutableData+ZBPrepend.h"; sourceTree = "<group>"; };
		C6BA558D1BFB181B00077FBC /* NSMutableData+ZBPrepend.m */ = {isa = PBXFileReference; fileEncoding = 4; lastKnownFileType = sourcecode.c.objc; path = "NSMutableData+ZBPrepend.m"; sourceTree = "<group>"; };
		C6BA558E1BFB181B00077FBC /* NSString+ZBHex.h */ = {isa = PBXFileReference; fileEncoding = 4; lastKnownFileType = sourcecode.c.h; path = "NSString+ZBHex.h"; sourceTree = "<group>"; };
		C6BA558F1BFB181B00077FBC /* NSString+ZBHex.m */ = {isa = PBXFileReference; fileEncoding = 4; lastKnownFileType = sourcecode.c.objc; path = "NSString+ZBHex.m"; sourceTree = "<group>"; };
		C6BA55D21BFB20B800077FBC /* ZBPrinter+Advanced.h */ = {isa = PBXFileReference; fileEncoding = 4; lastKnownFileType = sourcecode.c.h; path = "ZBPrinter+Advanced.h"; sourceTree = "<group>"; };
		C6BA55D31BFB20B800077FBC /* ZBPrinter+Advanced.m */ = {isa = PBXFileReference; fileEncoding = 4; lastKnownFileType = sourcecode.c.objc; path = "ZBPrinter+Advanced.m"; sourceTree = "<group>"; };
		C6CA5D061C06EFE0000F6CBA /* ZBPrinterFunctionSettings+Factory.h */ = {isa = PBXFileReference; fileEncoding = 4; lastKnownFileType = sourcecode.c.h; path = "ZBPrinterFunctionSettings+Factory.h"; sourceTree = "<group>"; };
		C6CA5D071C06EFE0000F6CBA /* ZBPrinterFunctionSettings+Factory.m */ = {isa = PBXFileReference; fileEncoding = 4; lastKnownFileType = sourcecode.c.objc; path = "ZBPrinterFunctionSettings+Factory.m"; sourceTree = "<group>"; };
		C6CA5D0C1C06F4B6000F6CBA /* ZBPrinterTask.h */ = {isa = PBXFileReference; fileEncoding = 4; lastKnownFileType = sourcecode.c.h; path = ZBPrinterTask.h; sourceTree = "<group>"; };
		C6CA5D0D1C06F4B6000F6CBA /* ZBPrinterTask.m */ = {isa = PBXFileReference; fileEncoding = 4; lastKnownFileType = sourcecode.c.objc; path = ZBPrinterTask.m; sourceTree = "<group>"; };
		C6CA5D121C071196000F6CBA /* ZBPrinterStatusUpdate.h */ = {isa = PBXFileReference; fileEncoding = 4; lastKnownFileType = sourcecode.c.h; path = ZBPrinterStatusUpdate.h; sourceTree = "<group>"; };
		C6CA5D131C071196000F6CBA /* ZBPrinterStatusUpdate.m */ = {isa = PBXFileReference; fileEncoding = 4; lastKnownFileType = sourcecode.c.objc; path = ZBPrinterStatusUpdate.m; sourceTree = "<group>"; };
		C6D9E84C1C16DC5800F12EB5 /* NSString+ZBWordWrap.h */ = {isa = PBXFileReference; fileEncoding = 4; lastKnownFileType = sourcecode.c.h; path = "NSString+ZBWordWrap.h"; sourceTree = "<group>"; };
		C6D9E84D1C16DC5800F12EB5 /* NSString+ZBWordWrap.m */ = {isa = PBXFileReference; fileEncoding = 4; lastKnownFileType = sourcecode.c.objc; path = "NSString+ZBWordWrap.m"; sourceTree = "<group>"; };
		C6F1AEAA1C20263D0038697E /* ZBZeeba+SDKKeyValidation.h */ = {isa = PBXFileReference; fileEncoding = 4; lastKnownFileType = sourcecode.c.h; path = "ZBZeeba+SDKKeyValidation.h"; sourceTree = "<group>"; };
		C6F1AEAB1C20263D0038697E /* ZBZeeba+SDKKeyValidation.m */ = {isa = PBXFileReference; fileEncoding = 4; lastKnownFileType = sourcecode.c.objc; path = "ZBZeeba+SDKKeyValidation.m"; sourceTree = "<group>"; };
/* End PBXFileReference section */

/* Begin PBXFrameworksBuildPhase section */
		C610B0671BCE41C100DF3854 /* Frameworks */ = {
			isa = PBXFrameworksBuildPhase;
			buildActionMask = 2147483647;
			files = (
			);
			runOnlyForDeploymentPostprocessing = 0;
		};
		C610B0821BCE504C00DF3854 /* Frameworks */ = {
			isa = PBXFrameworksBuildPhase;
			buildActionMask = 2147483647;
			files = (
			);
			runOnlyForDeploymentPostprocessing = 0;
		};
/* End PBXFrameworksBuildPhase section */

/* Begin PBXGroup section */
		C610B0611BCE41C100DF3854 = {
			isa = PBXGroup;
			children = (
				C610B0771BCE42C200DF3854 /* Umbrella */,
				C6BA55451BFB181B00077FBC /* Source */,
				C610B0791BCE42C200DF3854 /* Resources */,
				C610B06C1BCE41C100DF3854 /* Products */,
			);
			sourceTree = "<group>";
		};
		C610B06C1BCE41C100DF3854 /* Products */ = {
			isa = PBXGroup;
			children = (
				C610B06B1BCE41C100DF3854 /* Zeeba.framework */,
				C610B0861BCE504C00DF3854 /* Zeeba.framework */,
			);
			name = Products;
			sourceTree = "<group>";
		};
		C610B0771BCE42C200DF3854 /* Umbrella */ = {
			isa = PBXGroup;
			children = (
				C610B0781BCE42C200DF3854 /* Zeeba.h */,
			);
			path = Umbrella;
			sourceTree = "<group>";
		};
		C610B0791BCE42C200DF3854 /* Resources */ = {
			isa = PBXGroup;
			children = (
				C610B07A1BCE42C200DF3854 /* Info.plist */,
			);
			path = Resources;
			sourceTree = "<group>";
		};
		C6BA55451BFB181B00077FBC /* Source */ = {
			isa = PBXGroup;
			children = (
				C6BA55561BFB181B00077FBC /* Zeeba */,
				C6BA55461BFB181B00077FBC /* Bluetooth */,
				C6BA556F1BFB181B00077FBC /* Serial Port */,
				C6BA557C1BFB181B00077FBC /* Stand */,
				C6BA55651BFB181B00077FBC /* Printer */,
				C6BA55831BFB181B00077FBC /* Utilities */,
				C6BA55511BFB181B00077FBC /* Errors */,
			);
			path = Source;
			sourceTree = "<group>";
		};
		C6BA55461BFB181B00077FBC /* Bluetooth */ = {
			isa = PBXGroup;
			children = (
				C6BA554D1BFB181B00077FBC /* ZBCentralManagerDelegateProxy.h */,
				C6BA554E1BFB181B00077FBC /* ZBCentralManagerDelegateProxy.m */,
				C6BA55471BFB181B00077FBC /* CBCentralManager+ZBFactory.h */,
				C6BA55481BFB181B00077FBC /* CBCentralManager+ZBFactory.m */,
				C6BA554F1BFB181B00077FBC /* ZBPeripheralController.h */,
				C6BA55501BFB181B00077FBC /* ZBPeripheralController.m */,
				C6BA55491BFB181B00077FBC /* CBPeripheral+ZBServices.h */,
				C6BA554A1BFB181B00077FBC /* CBPeripheral+ZBServices.m */,
				C6BA554B1BFB181B00077FBC /* CBService+ZBCharacteristics.h */,
				C6BA554C1BFB181B00077FBC /* CBService+ZBCharacteristics.m */,
			);
			path = Bluetooth;
			sourceTree = "<group>";
		};
		C6BA55511BFB181B00077FBC /* Errors */ = {
			isa = PBXGroup;
			children = (
				C6BA55521BFB181B00077FBC /* ZBErrorDomain+Factory.h */,
				C6BA55531BFB181B00077FBC /* ZBErrorDomain+Factory.m */,
				C6BA55541BFB181B00077FBC /* ZBErrorDomain.h */,
				C6BA55551BFB181B00077FBC /* ZBErrorDomain.m */,
			);
			path = Errors;
			sourceTree = "<group>";
		};
		C6BA55561BFB181B00077FBC /* Zeeba */ = {
			isa = PBXGroup;
			children = (
				C6BA55631BFB181B00077FBC /* ZBZeeba.h */,
				C6BA55641BFB181B00077FBC /* ZBZeeba.m */,
				C6BA55611BFB181B00077FBC /* ZBZeeba+SharedInstance.h */,
				C6BA55621BFB181B00077FBC /* ZBZeeba+SharedInstance.m */,
				C6F1AEAA1C20263D0038697E /* ZBZeeba+SDKKeyValidation.h */,
				C6F1AEAB1C20263D0038697E /* ZBZeeba+SDKKeyValidation.m */,
				C6BA55571BFB181B00077FBC /* ZBBLEAvailability.h */,
				C6BA55581BFB181B00077FBC /* ZBBLEAvailability.m */,
				C6BA55591BFB181B00077FBC /* ZBBLEAvailabilityAdapter.h */,
				C6BA555A1BFB181B00077FBC /* ZBBLEAvailabilityAdapter.m */,
				C6BA556D1BFB181B00077FBC /* ZBScanner.h */,
				C6BA556E1BFB181B00077FBC /* ZBScanner.m */,
				C6BA555D1BFB181B00077FBC /* ZBConnectionPool.h */,
				C6BA555E1BFB181B00077FBC /* ZBConnectionPool.m */,
				C6BA555B1BFB181B00077FBC /* ZBConnectionAttempt.h */,
				C6BA555C1BFB181B00077FBC /* ZBConnectionAttempt.m */,
				C6BA555F1BFB181B00077FBC /* ZBConnectivity.h */,
				C6BA55601BFB181B00077FBC /* ZBConnectivity.m */,
			);
			path = Zeeba;
			sourceTree = "<group>";
		};
		C6BA55651BFB181B00077FBC /* Printer */ = {
			isa = PBXGroup;
			children = (
				C6BA556A1BFB181B00077FBC /* ZBPrinter.h */,
				C6BA556B1BFB181B00077FBC /* ZBPrinter.m */,
				C6BA55681BFB181B00077FBC /* ZBPrinter+Private.h */,
				C6BA55691BFB181B00077FBC /* ZBPrinter+Private.m */,
				C6BA55D21BFB20B800077FBC /* ZBPrinter+Advanced.h */,
				C6BA55D31BFB20B800077FBC /* ZBPrinter+Advanced.m */,
				C6BA55661BFB181B00077FBC /* ZBPrinter+HexCmd.h */,
				C6BA55671BFB181B00077FBC /* ZBPrinter+HexCmd.m */,
				C62872BE1C15B6B30016217C /* ZBPrinterPageBuilder.h */,
				C62872BF1C15B6B30016217C /* ZBPrinterPageBuilder.m */,
				C67065C81C15BB2C00302D0E /* ZBPrinterPageComponent.h */,
				C67065C91C15BB2C00302D0E /* ZBPrinterPageComponent.m */,
				C67065B61C15B7FE00302D0E /* ZBPrinterPageTextComponent.h */,
				C67065B71C15B7FE00302D0E /* ZBPrinterPageTextComponent.m */,
				C67065BC1C15B9D200302D0E /* ZBPrinterPageColumnsComponent.h */,
				C67065BD1C15B9D200302D0E /* ZBPrinterPageColumnsComponent.m */,
				C6CA5D121C071196000F6CBA /* ZBPrinterStatusUpdate.h */,
				C6CA5D131C071196000F6CBA /* ZBPrinterStatusUpdate.m */,
				C66828261C032D1B006FFDB1 /* ZBPrinterFunctionSettings.h */,
				C66828271C032D1B006FFDB1 /* ZBPrinterFunctionSettings.m */,
				C6CA5D061C06EFE0000F6CBA /* ZBPrinterFunctionSettings+Factory.h */,
				C6CA5D071C06EFE0000F6CBA /* ZBPrinterFunctionSettings+Factory.m */,
				C6CA5D0C1C06F4B6000F6CBA /* ZBPrinterTask.h */,
				C6CA5D0D1C06F4B6000F6CBA /* ZBPrinterTask.m */,
			);
			path = Printer;
			sourceTree = "<group>";
		};
		C6BA556F1BFB181B00077FBC /* Serial Port */ = {
			isa = PBXGroup;
			children = (
				C6BA55721BFB181B00077FBC /* ZBSerialPortCommunicator.h */,
				C6BA55731BFB181B00077FBC /* ZBSerialPortCommunicator.m */,
				C6BA55701BFB181B00077FBC /* ZBSerialPortCommunicator+Private.h */,
				C6BA55711BFB181B00077FBC /* ZBSerialPortCommunicator+Private.m */,
				C60911D71BFC8AA2001E70BA /* ZBSerialPortDataReception.h */,
				C60911D81BFC8AA2001E70BA /* ZBSerialPortDataReception.m */,
				C6BA557A1BFB181B00077FBC /* ZBSerialPortConfigurator.h */,
				C6BA557B1BFB181B00077FBC /* ZBSerialPortConfigurator.m */,
				C6BA55781BFB181B00077FBC /* ZBSerialPortConfiguration.h */,
				C6BA55791BFB181B00077FBC /* ZBSerialPortConfiguration.m */,
				C6BA55761BFB181B00077FBC /* ZBSerialPortConfiguration+Factory.h */,
				C6BA55771BFB181B00077FBC /* ZBSerialPortConfiguration+Factory.m */,
				C6BA55741BFB181B00077FBC /* ZBSerialPortCommunicatorTask.h */,
				C6BA55751BFB181B00077FBC /* ZBSerialPortCommunicatorTask.m */,
			);
			path = "Serial Port";
			sourceTree = "<group>";
		};
		C6BA557C1BFB181B00077FBC /* Stand */ = {
			isa = PBXGroup;
			children = (
				C6BA557F1BFB181B00077FBC /* ZBStand.h */,
				C6BA55801BFB181B00077FBC /* ZBStand.m */,
				C6BA557D1BFB181B00077FBC /* ZBStand+Private.h */,
				C6BA557E1BFB181B00077FBC /* ZBStand+Private.m */,
				C6BA55811BFB181B00077FBC /* ZBStandModelNumberParser.h */,
				C6BA55821BFB181B00077FBC /* ZBStandModelNumberParser.m */,
			);
			path = Stand;
			sourceTree = "<group>";
		};
		C6BA55831BFB181B00077FBC /* Utilities */ = {
			isa = PBXGroup;
			children = (
				C60911DD1BFDB690001E70BA /* ZBDebugging.h */,
				C6BA55841BFB181B00077FBC /* NSData+ZBDescriptionBits.h */,
				C6BA55851BFB181B00077FBC /* NSData+ZBDescriptionBits.m */,
				C6BA55861BFB181B00077FBC /* NSData+ZBHex.h */,
				C6BA55871BFB181B00077FBC /* NSData+ZBHex.m */,
				C6BA55881BFB181B00077FBC /* NSData+ZBReverse.h */,
				C6BA55891BFB181B00077FBC /* NSData+ZBReverse.m */,
				C6BA558A1BFB181B00077FBC /* NSData+ZBTrim.h */,
				C6BA558B1BFB181B00077FBC /* NSData+ZBTrim.m */,
				C6BA558C1BFB181B00077FBC /* NSMutableData+ZBPrepend.h */,
				C6BA558D1BFB181B00077FBC /* NSMutableData+ZBPrepend.m */,
				C6BA558E1BFB181B00077FBC /* NSString+ZBHex.h */,
				C6BA558F1BFB181B00077FBC /* NSString+ZBHex.m */,
				C6D9E84C1C16DC5800F12EB5 /* NSString+ZBWordWrap.h */,
				C6D9E84D1C16DC5800F12EB5 /* NSString+ZBWordWrap.m */,
			);
			path = Utilities;
			sourceTree = "<group>";
		};
/* End PBXGroup section */

/* Begin PBXHeadersBuildPhase section */
		C610B0681BCE41C100DF3854 /* Headers */ = {
			isa = PBXHeadersBuildPhase;
			buildActionMask = 2147483647;
			files = (
				C6BA559E1BFB181B00077FBC /* ZBBLEAvailability.h in Headers */,
				C67065CA1C15BB2C00302D0E /* ZBPrinterPageComponent.h in Headers */,
				C6BA55AA1BFB181B00077FBC /* ZBZeeba.h in Headers */,
				C6BA55A81BFB181B00077FBC /* ZBZeeba+SharedInstance.h in Headers */,
				C6BA559C1BFB181B00077FBC /* ZBErrorDomain.h in Headers */,
				C6BA55C21BFB181C00077FBC /* ZBStand.h in Headers */,
				C6BA55B01BFB181B00077FBC /* ZBPrinter.h in Headers */,
				C6BA55A61BFB181B00077FBC /* ZBConnectivity.h in Headers */,
				C67065B81C15B7FE00302D0E /* ZBPrinterPageTextComponent.h in Headers */,
				C66828281C032D1B006FFDB1 /* ZBPrinterFunctionSettings.h in Headers */,
				C62872C01C15B6B30016217C /* ZBPrinterPageBuilder.h in Headers */,
				C67065BE1C15B9D200302D0E /* ZBPrinterPageColumnsComponent.h in Headers */,
				C610B07B1BCE42C200DF3854 /* Zeeba.h in Headers */,
				C6BA55D41BFB20B800077FBC /* ZBPrinter+Advanced.h in Headers */,
				C6CA5D141C071196000F6CBA /* ZBPrinterStatusUpdate.h in Headers */,
				C6BA55BC1BFB181C00077FBC /* ZBSerialPortConfiguration.h in Headers */,
				C6BA55B21BFB181B00077FBC /* ZBScanner.h in Headers */,
				C6BA55CC1BFB181C00077FBC /* NSData+ZBTrim.h in Headers */,
				C6BA559A1BFB181B00077FBC /* ZBErrorDomain+Factory.h in Headers */,
				C6BA55B41BFB181B00077FBC /* ZBSerialPortCommunicator+Private.h in Headers */,
				C6BA55B81BFB181B00077FBC /* ZBSerialPortCommunicatorTask.h in Headers */,
				C6BA55D01BFB181C00077FBC /* NSString+ZBHex.h in Headers */,
				C6BA55961BFB181B00077FBC /* ZBCentralManagerDelegateProxy.h in Headers */,
				C60911D91BFC8AA2001E70BA /* ZBSerialPortDataReception.h in Headers */,
				C6BA55A41BFB181B00077FBC /* ZBConnectionPool.h in Headers */,
				C6BA55BE1BFB181C00077FBC /* ZBSerialPortConfigurator.h in Headers */,
				C6BA55921BFB181B00077FBC /* CBPeripheral+ZBServices.h in Headers */,
				C6BA55981BFB181B00077FBC /* ZBPeripheralController.h in Headers */,
				C6BA55C81BFB181C00077FBC /* NSData+ZBHex.h in Headers */,
				C6BA55CA1BFB181C00077FBC /* NSData+ZBReverse.h in Headers */,
				C6CA5D081C06EFE0000F6CBA /* ZBPrinterFunctionSettings+Factory.h in Headers */,
				C6BA55AE1BFB181B00077FBC /* ZBPrinter+Private.h in Headers */,
				C6BA55901BFB181B00077FBC /* CBCentralManager+ZBFactory.h in Headers */,
				C6BA55C61BFB181C00077FBC /* NSData+ZBDescriptionBits.h in Headers */,
				C6BA55AC1BFB181B00077FBC /* ZBPrinter+HexCmd.h in Headers */,
				C60911DE1BFDB690001E70BA /* ZBDebugging.h in Headers */,
				C6BA55BA1BFB181B00077FBC /* ZBSerialPortConfiguration+Factory.h in Headers */,
				C6D9E84E1C16DC5800F12EB5 /* NSString+ZBWordWrap.h in Headers */,
				C6BA55941BFB181B00077FBC /* CBService+ZBCharacteristics.h in Headers */,
				C6CA5D0E1C06F4B6000F6CBA /* ZBPrinterTask.h in Headers */,
				C6BA55CE1BFB181C00077FBC /* NSMutableData+ZBPrepend.h in Headers */,
				C6BA55B61BFB181B00077FBC /* ZBSerialPortCommunicator.h in Headers */,
				C6BA55A21BFB181B00077FBC /* ZBConnectionAttempt.h in Headers */,
				C6BA55C01BFB181C00077FBC /* ZBStand+Private.h in Headers */,
				C6BA55A01BFB181B00077FBC /* ZBBLEAvailabilityAdapter.h in Headers */,
				C6BA55C41BFB181C00077FBC /* ZBStandModelNumberParser.h in Headers */,
				C6F1AEAC1C20263D0038697E /* ZBZeeba+SDKKeyValidation.h in Headers */,
			);
			runOnlyForDeploymentPostprocessing = 0;
		};
		C610B0831BCE504C00DF3854 /* Headers */ = {
			isa = PBXHeadersBuildPhase;
			buildActionMask = 2147483647;
			files = (
				C63B18011C200B0800B0ECD2 /* ZBErrorDomain.h in Headers */,
				C63B17ED1C200A6500B0ECD2 /* ZBPrinter.h in Headers */,
				C63B17E71C2009AD00B0ECD2 /* ZBStand.h in Headers */,
				C63B17C41C20029900B0ECD2 /* ZBZeeba+SharedInstance.h in Headers */,
				C63B17C51C2002A000B0ECD2 /* ZBBLEAvailability.h in Headers */,
				C67065B91C15B7FE00302D0E /* ZBPrinterPageTextComponent.h in Headers */,
				C63B17CF1C2002D200B0ECD2 /* ZBConnectivity.h in Headers */,
				C62872C11C15B6B30016217C /* ZBPrinterPageBuilder.h in Headers */,
				C63B17C31C20029300B0ECD2 /* ZBZeeba.h in Headers */,
				C67065BF1C15B9D200302D0E /* ZBPrinterPageColumnsComponent.h in Headers */,
				C67065CB1C15BB2C00302D0E /* ZBPrinterPageComponent.h in Headers */,
				C60911BA1BFB8C8B001E70BA /* Zeeba.h in Headers */,
				C6BA55D51BFB20B800077FBC /* ZBPrinter+Advanced.h in Headers */,
				C66828291C032D1B006FFDB1 /* ZBPrinterFunctionSettings.h in Headers */,
				C60911DA1BFC8AA2001E70BA /* ZBSerialPortDataReception.h in Headers */,
				C63B17C91C2002AE00B0ECD2 /* ZBScanner.h in Headers */,
				C63B17CD1C2002C800B0ECD2 /* ZBConnectionAttempt.h in Headers */,
				C6CA5D0F1C06F4B6000F6CBA /* ZBPrinterTask.h in Headers */,
				C63B17DD1C20097B00B0ECD2 /* ZBSerialPortCommunicator+Private.h in Headers */,
				C63B17D11C2002DA00B0ECD2 /* ZBCentralManagerDelegateProxy.h in Headers */,
				C63B17DF1C20098D00B0ECD2 /* ZBSerialPortConfigurator.h in Headers */,
				C63B17D71C20096600B0ECD2 /* CBPeripheral+ZBServices.h in Headers */,
				C63B17F71C200ADB00B0ECD2 /* NSData+ZBReverse.h in Headers */,
				C63B17D31C2002E000B0ECD2 /* CBCentralManager+ZBFactory.h in Headers */,
				C63B17F91C200AE200B0ECD2 /* NSData+ZBTrim.h in Headers */,
				C63B17D51C20095F00B0ECD2 /* ZBPeripheralController.h in Headers */,
				C6D9E84F1C16DC5800F12EB5 /* NSString+ZBWordWrap.h in Headers */,
				C63B17E11C20099400B0ECD2 /* ZBSerialPortConfiguration.h in Headers */,
				C63B17E31C20099C00B0ECD2 /* ZBSerialPortConfiguration+Factory.h in Headers */,
				C63B17EF1C200A7200B0ECD2 /* ZBPrinter+Private.h in Headers */,
				C6CA5D151C071196000F6CBA /* ZBPrinterStatusUpdate.h in Headers */,
				C6CA5D091C06EFE0000F6CBA /* ZBPrinterFunctionSettings+Factory.h in Headers */,
				C63B17E91C2009B500B0ECD2 /* ZBStand+Private.h in Headers */,
				C63B17FF1C200B0100B0ECD2 /* ZBErrorDomain+Factory.h in Headers */,
				C63B17FD1C200AF100B0ECD2 /* NSString+ZBHex.h in Headers */,
				C63B17EB1C200A5D00B0ECD2 /* ZBStandModelNumberParser.h in Headers */,
				C63B17F31C200ACC00B0ECD2 /* NSData+ZBDescriptionBits.h in Headers */,
				C63B17FB1C200AE900B0ECD2 /* NSMutableData+ZBPrepend.h in Headers */,
				C63B17DB1C20097400B0ECD2 /* ZBSerialPortCommunicator.h in Headers */,
				C60911DF1BFDB690001E70BA /* ZBDebugging.h in Headers */,
				C63B17C71C2002A700B0ECD2 /* ZBBLEAvailabilityAdapter.h in Headers */,
				C63B17E51C2009A400B0ECD2 /* ZBSerialPortCommunicatorTask.h in Headers */,
				C63B17F11C200A8400B0ECD2 /* ZBPrinter+HexCmd.h in Headers */,
				C63B17F51C200AD400B0ECD2 /* NSData+ZBHex.h in Headers */,
				C63B17D91C20096D00B0ECD2 /* CBService+ZBCharacteristics.h in Headers */,
				C6F1AEAD1C20263D0038697E /* ZBZeeba+SDKKeyValidation.h in Headers */,
				C63B17CB1C2002C000B0ECD2 /* ZBConnectionPool.h in Headers */,
			);
			runOnlyForDeploymentPostprocessing = 0;
		};
/* End PBXHeadersBuildPhase section */

/* Begin PBXNativeTarget section */
		C610B06A1BCE41C100DF3854 /* Zeeba iOS */ = {
			isa = PBXNativeTarget;
			buildConfigurationList = C610B0731BCE41C100DF3854 /* Build configuration list for PBXNativeTarget "Zeeba iOS" */;
			buildPhases = (
				C610B0661BCE41C100DF3854 /* Sources */,
				C610B0671BCE41C100DF3854 /* Frameworks */,
				C610B0681BCE41C100DF3854 /* Headers */,
				C610B0691BCE41C100DF3854 /* Resources */,
			);
			buildRules = (
			);
			dependencies = (
			);
			name = "Zeeba iOS";
			productName = FlytechPOS;
			productReference = C610B06B1BCE41C100DF3854 /* Zeeba.framework */;
			productType = "com.apple.product-type.framework";
		};
		C610B0851BCE504C00DF3854 /* Zeeba OSX */ = {
			isa = PBXNativeTarget;
			buildConfigurationList = C610B08B1BCE504C00DF3854 /* Build configuration list for PBXNativeTarget "Zeeba OSX" */;
			buildPhases = (
				C610B0811BCE504C00DF3854 /* Sources */,
				C610B0821BCE504C00DF3854 /* Frameworks */,
				C610B0831BCE504C00DF3854 /* Headers */,
				C610B0841BCE504C00DF3854 /* Resources */,
			);
			buildRules = (
			);
			dependencies = (
			);
			name = "Zeeba OSX";
			productName = Flytech;
			productReference = C610B0861BCE504C00DF3854 /* Zeeba.framework */;
			productType = "com.apple.product-type.framework";
		};
/* End PBXNativeTarget section */

/* Begin PBXProject section */
		C610B0621BCE41C100DF3854 /* Project object */ = {
			isa = PBXProject;
			attributes = {
				LastUpgradeCheck = 0710;
				ORGANIZATIONNAME = "Glastonia Ltd.";
				TargetAttributes = {
					C610B06A1BCE41C100DF3854 = {
						CreatedOnToolsVersion = 7.1;
						DevelopmentTeam = AP8VQJ559X;
					};
					C610B0851BCE504C00DF3854 = {
						CreatedOnToolsVersion = 7.1;
					};
				};
			};
			buildConfigurationList = C610B0651BCE41C100DF3854 /* Build configuration list for PBXProject "Zeeba" */;
			compatibilityVersion = "Xcode 3.2";
			developmentRegion = English;
			hasScannedForEncodings = 0;
			knownRegions = (
				en,
			);
			mainGroup = C610B0611BCE41C100DF3854;
			productRefGroup = C610B06C1BCE41C100DF3854 /* Products */;
			projectDirPath = "";
			projectRoot = "";
			targets = (
				C610B06A1BCE41C100DF3854 /* Zeeba iOS */,
				C610B0851BCE504C00DF3854 /* Zeeba OSX */,
			);
		};
/* End PBXProject section */

/* Begin PBXResourcesBuildPhase section */
		C610B0691BCE41C100DF3854 /* Resources */ = {
			isa = PBXResourcesBuildPhase;
			buildActionMask = 2147483647;
			files = (
			);
			runOnlyForDeploymentPostprocessing = 0;
		};
		C610B0841BCE504C00DF3854 /* Resources */ = {
			isa = PBXResourcesBuildPhase;
			buildActionMask = 2147483647;
			files = (
			);
			runOnlyForDeploymentPostprocessing = 0;
		};
/* End PBXResourcesBuildPhase section */

/* Begin PBXSourcesBuildPhase section */
		C610B0661BCE41C100DF3854 /* Sources */ = {
			isa = PBXSourcesBuildPhase;
			buildActionMask = 2147483647;
			files = (
				C6BA55A71BFB181B00077FBC /* ZBConnectivity.m in Sources */,
				C67065C01C15B9D200302D0E /* ZBPrinterPageColumnsComponent.m in Sources */,
				C6BA55CB1BFB181C00077FBC /* NSData+ZBReverse.m in Sources */,
				C6BA55B71BFB181B00077FBC /* ZBSerialPortCommunicator.m in Sources */,
				C62872C21C15B6B30016217C /* ZBPrinterPageBuilder.m in Sources */,
				C6BA55C11BFB181C00077FBC /* ZBStand+Private.m in Sources */,
				C6BA55D11BFB181C00077FBC /* NSString+ZBHex.m in Sources */,
				C6BA559D1BFB181B00077FBC /* ZBErrorDomain.m in Sources */,
				C6BA55C51BFB181C00077FBC /* ZBStandModelNumberParser.m in Sources */,
				C6BA55AF1BFB181B00077FBC /* ZBPrinter+Private.m in Sources */,
				C6BA55A11BFB181B00077FBC /* ZBBLEAvailabilityAdapter.m in Sources */,
				C6BA55C71BFB181C00077FBC /* NSData+ZBDescriptionBits.m in Sources */,
				C6BA55B11BFB181B00077FBC /* ZBPrinter.m in Sources */,
				C6BA55951BFB181B00077FBC /* CBService+ZBCharacteristics.m in Sources */,
				C6BA55A31BFB181B00077FBC /* ZBConnectionAttempt.m in Sources */,
				C6BA55CF1BFB181C00077FBC /* NSMutableData+ZBPrepend.m in Sources */,
				C6BA55BD1BFB181C00077FBC /* ZBSerialPortConfiguration.m in Sources */,
				C6BA55971BFB181B00077FBC /* ZBCentralManagerDelegateProxy.m in Sources */,
				C6CA5D161C071196000F6CBA /* ZBPrinterStatusUpdate.m in Sources */,
				C6F1AEAE1C20263D0038697E /* ZBZeeba+SDKKeyValidation.m in Sources */,
				C6D9E8501C16DC5800F12EB5 /* NSString+ZBWordWrap.m in Sources */,
				C6BA55931BFB181B00077FBC /* CBPeripheral+ZBServices.m in Sources */,
				C6BA55AB1BFB181B00077FBC /* ZBZeeba.m in Sources */,
				C6CA5D0A1C06EFE0000F6CBA /* ZBPrinterFunctionSettings+Factory.m in Sources */,
				C6BA55B91BFB181B00077FBC /* ZBSerialPortCommunicatorTask.m in Sources */,
				C6BA55CD1BFB181C00077FBC /* NSData+ZBTrim.m in Sources */,
				C6BA55B31BFB181B00077FBC /* ZBScanner.m in Sources */,
				C60911DB1BFC8AA2001E70BA /* ZBSerialPortDataReception.m in Sources */,
				C6BA559B1BFB181B00077FBC /* ZBErrorDomain+Factory.m in Sources */,
				C6BA55D61BFB20B800077FBC /* ZBPrinter+Advanced.m in Sources */,
				C6BA55BF1BFB181C00077FBC /* ZBSerialPortConfigurator.m in Sources */,
				C6BA55991BFB181B00077FBC /* ZBPeripheralController.m in Sources */,
				C6BA559F1BFB181B00077FBC /* ZBBLEAvailability.m in Sources */,
				C668282A1C032D1B006FFDB1 /* ZBPrinterFunctionSettings.m in Sources */,
				C6BA55911BFB181B00077FBC /* CBCentralManager+ZBFactory.m in Sources */,
				C6BA55C31BFB181C00077FBC /* ZBStand.m in Sources */,
				C6BA55A91BFB181B00077FBC /* ZBZeeba+SharedInstance.m in Sources */,
				C6BA55BB1BFB181C00077FBC /* ZBSerialPortConfiguration+Factory.m in Sources */,
				C6BA55B51BFB181B00077FBC /* ZBSerialPortCommunicator+Private.m in Sources */,
				C67065CC1C15BB2C00302D0E /* ZBPrinterPageComponent.m in Sources */,
				C6BA55AD1BFB181B00077FBC /* ZBPrinter+HexCmd.m in Sources */,
				C6BA55C91BFB181C00077FBC /* NSData+ZBHex.m in Sources */,
				C6BA55A51BFB181B00077FBC /* ZBConnectionPool.m in Sources */,
				C67065BA1C15B7FE00302D0E /* ZBPrinterPageTextComponent.m in Sources */,
				C6CA5D101C06F4B6000F6CBA /* ZBPrinterTask.m in Sources */,
			);
			runOnlyForDeploymentPostprocessing = 0;
		};
		C610B0811BCE504C00DF3854 /* Sources */ = {
			isa = PBXSourcesBuildPhase;
			buildActionMask = 2147483647;
			files = (
				C63B17D41C2002E500B0ECD2 /* CBCentralManager+ZBFactory.m in Sources */,
				C63B17F01C200A7700B0ECD2 /* ZBPrinter+Private.m in Sources */,
				C6CA5D111C06F4B6000F6CBA /* ZBPrinterTask.m in Sources */,
				C67065BB1C15B7FE00302D0E /* ZBPrinterPageTextComponent.m in Sources */,
				C63B18021C200B0E00B0ECD2 /* ZBErrorDomain.m in Sources */,
				C63B17E21C20099800B0ECD2 /* ZBSerialPortConfiguration.m in Sources */,
				C6CA5D171C071196000F6CBA /* ZBPrinterStatusUpdate.m in Sources */,
				C63B17D21C2002DE00B0ECD2 /* ZBCentralManagerDelegateProxy.m in Sources */,
				C63B17C11C20028900B0ECD2 /* ZBZeeba.m in Sources */,
				C63B17DC1C20097800B0ECD2 /* ZBSerialPortCommunicator.m in Sources */,
				C63B17F41C200AD100B0ECD2 /* NSData+ZBDescriptionBits.m in Sources */,
				C63B17EA1C200A5A00B0ECD2 /* ZBStand+Private.m in Sources */,
				C63B17D01C2002D700B0ECD2 /* ZBConnectivity.m in Sources */,
				C63B17EC1C200A6000B0ECD2 /* ZBStandModelNumberParser.m in Sources */,
				C63B17FE1C200AF500B0ECD2 /* NSString+ZBHex.m in Sources */,
				C63B17C81C2002AC00B0ECD2 /* ZBBLEAvailabilityAdapter.m in Sources */,
				C63B17DE1C20098000B0ECD2 /* ZBSerialPortCommunicator+Private.m in Sources */,
				C63B17FC1C200AEF00B0ECD2 /* NSMutableData+ZBPrepend.m in Sources */,
				C63B17E01C20099100B0ECD2 /* ZBSerialPortConfigurator.m in Sources */,
				C6F1AEAF1C20263D0038697E /* ZBZeeba+SDKKeyValidation.m in Sources */,
				C668282B1C032D1B006FFDB1 /* ZBPrinterFunctionSettings.m in Sources */,
				C63B17DA1C20097100B0ECD2 /* CBService+ZBCharacteristics.m in Sources */,
				C63B17EE1C200A6900B0ECD2 /* ZBPrinter.m in Sources */,
				C63B17D61C20096300B0ECD2 /* ZBPeripheralController.m in Sources */,
				C63B17D81C20096A00B0ECD2 /* CBPeripheral+ZBServices.m in Sources */,
				C63B17E61C2009AA00B0ECD2 /* ZBSerialPortCommunicatorTask.m in Sources */,
				C60911DC1BFC8AA2001E70BA /* ZBSerialPortDataReception.m in Sources */,
				C63B17CE1C2002CD00B0ECD2 /* ZBConnectionAttempt.m in Sources */,
				C63B17F61C200AD800B0ECD2 /* NSData+ZBHex.m in Sources */,
				C63B17C61C2002A400B0ECD2 /* ZBBLEAvailability.m in Sources */,
				C62872C31C15B6B30016217C /* ZBPrinterPageBuilder.m in Sources */,
				C6CA5D0B1C06EFE0000F6CBA /* ZBPrinterFunctionSettings+Factory.m in Sources */,
				C67065CD1C15BB2C00302D0E /* ZBPrinterPageComponent.m in Sources */,
				C63B17E81C2009B200B0ECD2 /* ZBStand.m in Sources */,
				C63B17E41C2009A000B0ECD2 /* ZBSerialPortConfiguration+Factory.m in Sources */,
				C63B17F21C200A8800B0ECD2 /* ZBPrinter+HexCmd.m in Sources */,
				C63B17FA1C200AE600B0ECD2 /* NSData+ZBTrim.m in Sources */,
				C6D9E8511C16DC5800F12EB5 /* NSString+ZBWordWrap.m in Sources */,
				C63B17CC1C2002C500B0ECD2 /* ZBConnectionPool.m in Sources */,
				C63B17CA1C2002BE00B0ECD2 /* ZBScanner.m in Sources */,
				C67065C11C15B9D200302D0E /* ZBPrinterPageColumnsComponent.m in Sources */,
				C63B17C21C20028D00B0ECD2 /* ZBZeeba+SharedInstance.m in Sources */,
				C63B17F81C200ADF00B0ECD2 /* NSData+ZBReverse.m in Sources */,
				C63B18001C200B0500B0ECD2 /* ZBErrorDomain+Factory.m in Sources */,
				C6BA55D71BFB20B800077FBC /* ZBPrinter+Advanced.m in Sources */,
			);
			runOnlyForDeploymentPostprocessing = 0;
		};
/* End PBXSourcesBuildPhase section */

/* Begin XCBuildConfiguration section */
		C610B0711BCE41C100DF3854 /* Debug */ = {
			isa = XCBuildConfiguration;
			buildSettings = {
				ALWAYS_SEARCH_USER_PATHS = NO;
				CLANG_CXX_LANGUAGE_STANDARD = "gnu++0x";
				CLANG_CXX_LIBRARY = "libc++";
				CLANG_ENABLE_MODULES = YES;
				CLANG_ENABLE_OBJC_ARC = YES;
				CLANG_WARN_BOOL_CONVERSION = YES;
				CLANG_WARN_CONSTANT_CONVERSION = YES;
				CLANG_WARN_DIRECT_OBJC_ISA_USAGE = YES_ERROR;
				CLANG_WARN_EMPTY_BODY = YES;
				CLANG_WARN_ENUM_CONVERSION = YES;
				CLANG_WARN_INT_CONVERSION = YES;
				CLANG_WARN_OBJC_ROOT_CLASS = YES_ERROR;
				CLANG_WARN_UNREACHABLE_CODE = YES;
				CLANG_WARN__DUPLICATE_METHOD_MATCH = YES;
				"CODE_SIGN_IDENTITY[sdk=iphoneos*]" = "iPhone Developer";
				COPY_PHASE_STRIP = NO;
				CURRENT_PROJECT_VERSION = 1;
				DEBUG_INFORMATION_FORMAT = dwarf;
				DEFINES_MODULE = YES;
				ENABLE_STRICT_OBJC_MSGSEND = YES;
				ENABLE_TESTABILITY = YES;
				GCC_C_LANGUAGE_STANDARD = gnu99;
				GCC_DYNAMIC_NO_PIC = NO;
				GCC_NO_COMMON_BLOCKS = YES;
				GCC_OPTIMIZATION_LEVEL = 0;
				GCC_PREPROCESSOR_DEFINITIONS = (
					"DEBUG=1",
					"$(inherited)",
				);
				GCC_WARN_64_TO_32_BIT_CONVERSION = YES;
				GCC_WARN_ABOUT_RETURN_TYPE = YES_ERROR;
				GCC_WARN_UNDECLARED_SELECTOR = YES;
				GCC_WARN_UNINITIALIZED_AUTOS = YES_AGGRESSIVE;
				GCC_WARN_UNUSED_FUNCTION = YES;
				GCC_WARN_UNUSED_VARIABLE = YES;
				INFOPLIST_FILE = Resources/Info.plist;
				IPHONEOS_DEPLOYMENT_TARGET = 9.1;
				MTL_ENABLE_DEBUG_INFO = YES;
				ONLY_ACTIVE_ARCH = YES;
				PRODUCT_BUNDLE_IDENTIFIER = com.glastonia.zeeba;
				PRODUCT_NAME = Zeeba;
				SDKROOT = iphoneos;
				TARGETED_DEVICE_FAMILY = "1,2";
				VERSIONING_SYSTEM = "apple-generic";
				VERSION_INFO_PREFIX = "";
			};
			name = Debug;
		};
		C610B0721BCE41C100DF3854 /* Release */ = {
			isa = XCBuildConfiguration;
			buildSettings = {
				ALWAYS_SEARCH_USER_PATHS = NO;
				CLANG_CXX_LANGUAGE_STANDARD = "gnu++0x";
				CLANG_CXX_LIBRARY = "libc++";
				CLANG_ENABLE_MODULES = YES;
				CLANG_ENABLE_OBJC_ARC = YES;
				CLANG_WARN_BOOL_CONVERSION = YES;
				CLANG_WARN_CONSTANT_CONVERSION = YES;
				CLANG_WARN_DIRECT_OBJC_ISA_USAGE = YES_ERROR;
				CLANG_WARN_EMPTY_BODY = YES;
				CLANG_WARN_ENUM_CONVERSION = YES;
				CLANG_WARN_INT_CONVERSION = YES;
				CLANG_WARN_OBJC_ROOT_CLASS = YES_ERROR;
				CLANG_WARN_UNREACHABLE_CODE = YES;
				CLANG_WARN__DUPLICATE_METHOD_MATCH = YES;
				"CODE_SIGN_IDENTITY[sdk=iphoneos*]" = "iPhone Developer";
				COPY_PHASE_STRIP = NO;
				CURRENT_PROJECT_VERSION = 1;
				DEBUG_INFORMATION_FORMAT = "dwarf-with-dsym";
				DEFINES_MODULE = YES;
				ENABLE_NS_ASSERTIONS = NO;
				ENABLE_STRICT_OBJC_MSGSEND = YES;
				GCC_C_LANGUAGE_STANDARD = gnu99;
				GCC_NO_COMMON_BLOCKS = YES;
				GCC_WARN_64_TO_32_BIT_CONVERSION = YES;
				GCC_WARN_ABOUT_RETURN_TYPE = YES_ERROR;
				GCC_WARN_UNDECLARED_SELECTOR = YES;
				GCC_WARN_UNINITIALIZED_AUTOS = YES_AGGRESSIVE;
				GCC_WARN_UNUSED_FUNCTION = YES;
				GCC_WARN_UNUSED_VARIABLE = YES;
				INFOPLIST_FILE = Resources/Info.plist;
				IPHONEOS_DEPLOYMENT_TARGET = 9.1;
				MTL_ENABLE_DEBUG_INFO = NO;
				PRODUCT_BUNDLE_IDENTIFIER = com.glastonia.zeeba;
				PRODUCT_NAME = Zeeba;
				SDKROOT = iphoneos;
				TARGETED_DEVICE_FAMILY = "1,2";
				VALIDATE_PRODUCT = YES;
				VERSIONING_SYSTEM = "apple-generic";
				VERSION_INFO_PREFIX = "";
			};
			name = Release;
		};
		C610B0741BCE41C100DF3854 /* Debug */ = {
			isa = XCBuildConfiguration;
			buildSettings = {
				DYLIB_COMPATIBILITY_VERSION = 1;
				DYLIB_CURRENT_VERSION = 1;
				DYLIB_INSTALL_NAME_BASE = "@rpath";
				IPHONEOS_DEPLOYMENT_TARGET = 8.0;
				LD_RUNPATH_SEARCH_PATHS = "$(inherited) @executable_path/Frameworks @loader_path/Frameworks";
				PRODUCT_NAME = Zeeba;
			};
			name = Debug;
		};
		C610B0751BCE41C100DF3854 /* Release */ = {
			isa = XCBuildConfiguration;
			buildSettings = {
				DYLIB_COMPATIBILITY_VERSION = 1;
				DYLIB_CURRENT_VERSION = 1;
				DYLIB_INSTALL_NAME_BASE = "@rpath";
				IPHONEOS_DEPLOYMENT_TARGET = 8.0;
				LD_RUNPATH_SEARCH_PATHS = "$(inherited) @executable_path/Frameworks @loader_path/Frameworks";
				PRODUCT_NAME = Zeeba;
			};
			name = Release;
		};
		C610B08C1BCE504C00DF3854 /* Debug */ = {
			isa = XCBuildConfiguration;
			buildSettings = {
				CODE_SIGN_IDENTITY = "-";
				COMBINE_HIDPI_IMAGES = YES;
				DYLIB_COMPATIBILITY_VERSION = 1;
				DYLIB_CURRENT_VERSION = 1;
				DYLIB_INSTALL_NAME_BASE = "@rpath";
				FRAMEWORK_VERSION = A;
				INSTALL_PATH = "$(LOCAL_LIBRARY_DIR)/Frameworks";
				LD_RUNPATH_SEARCH_PATHS = "$(inherited) @executable_path/../Frameworks @loader_path/Frameworks";
				MACOSX_DEPLOYMENT_TARGET = 10.10;
				PRODUCT_NAME = Zeeba;
				SDKROOT = macosx;
				SKIP_INSTALL = YES;
			};
			name = Debug;
		};
		C610B08D1BCE504C00DF3854 /* Release */ = {
			isa = XCBuildConfiguration;
			buildSettings = {
				CODE_SIGN_IDENTITY = "-";
				COMBINE_HIDPI_IMAGES = YES;
				DYLIB_COMPATIBILITY_VERSION = 1;
				DYLIB_CURRENT_VERSION = 1;
				DYLIB_INSTALL_NAME_BASE = "@rpath";
				FRAMEWORK_VERSION = A;
				INSTALL_PATH = "$(LOCAL_LIBRARY_DIR)/Frameworks";
				LD_RUNPATH_SEARCH_PATHS = "$(inherited) @executable_path/../Frameworks @loader_path/Frameworks";
				MACOSX_DEPLOYMENT_TARGET = 10.10;
				PRODUCT_NAME = Zeeba;
				SDKROOT = macosx;
				SKIP_INSTALL = YES;
			};
			name = Release;
		};
/* End XCBuildConfiguration section */

/* Begin XCConfigurationList section */
		C610B0651BCE41C100DF3854 /* Build configuration list for PBXProject "Zeeba" */ = {
			isa = XCConfigurationList;
			buildConfigurations = (
				C610B0711BCE41C100DF3854 /* Debug */,
				C610B0721BCE41C100DF3854 /* Release */,
			);
			defaultConfigurationIsVisible = 0;
			defaultConfigurationName = Release;
		};
		C610B0731BCE41C100DF3854 /* Build configuration list for PBXNativeTarget "Zeeba iOS" */ = {
			isa = XCConfigurationList;
			buildConfigurations = (
				C610B0741BCE41C100DF3854 /* Debug */,
				C610B0751BCE41C100DF3854 /* Release */,
			);
			defaultConfigurationIsVisible = 0;
			defaultConfigurationName = Release;
		};
		C610B08B1BCE504C00DF3854 /* Build configuration list for PBXNativeTarget "Zeeba OSX" */ = {
			isa = XCConfigurationList;
			buildConfigurations = (
				C610B08C1BCE504C00DF3854 /* Debug */,
				C610B08D1BCE504C00DF3854 /* Release */,
			);
			defaultConfigurationIsVisible = 0;
			defaultConfigurationName = Release;
		};
/* End XCConfigurationList section */
	};
	rootObject = C610B0621BCE41C100DF3854 /* Project object */;
}
