// !$*UTF8*$!
{
	archiveVersion = 1;
	classes = {
	};
	objectVersion = 46;
	objects = {

/* Begin PBXBuildFile section */
		C60911BA1BFB8C8B001E70BA /* Flytech.h in Headers */ = {isa = PBXBuildFile; fileRef = C610B0781BCE42C200DF3854 /* Flytech.h */; settings = {ATTRIBUTES = (Public, ); }; };
		C60911D91BFC8AA2001E70BA /* FTSerialPortDataReception.h in Headers */ = {isa = PBXBuildFile; fileRef = C60911D71BFC8AA2001E70BA /* FTSerialPortDataReception.h */; };
		C60911DA1BFC8AA2001E70BA /* FTSerialPortDataReception.h in Headers */ = {isa = PBXBuildFile; fileRef = C60911D71BFC8AA2001E70BA /* FTSerialPortDataReception.h */; };
		C60911DB1BFC8AA2001E70BA /* FTSerialPortDataReception.m in Sources */ = {isa = PBXBuildFile; fileRef = C60911D81BFC8AA2001E70BA /* FTSerialPortDataReception.m */; };
		C60911DC1BFC8AA2001E70BA /* FTSerialPortDataReception.m in Sources */ = {isa = PBXBuildFile; fileRef = C60911D81BFC8AA2001E70BA /* FTSerialPortDataReception.m */; };
		C60911DE1BFDB690001E70BA /* FTDebugging.h in Headers */ = {isa = PBXBuildFile; fileRef = C60911DD1BFDB690001E70BA /* FTDebugging.h */; };
		C60911DF1BFDB690001E70BA /* FTDebugging.h in Headers */ = {isa = PBXBuildFile; fileRef = C60911DD1BFDB690001E70BA /* FTDebugging.h */; };
		C610B07B1BCE42C200DF3854 /* Flytech.h in Headers */ = {isa = PBXBuildFile; fileRef = C610B0781BCE42C200DF3854 /* Flytech.h */; settings = {ATTRIBUTES = (Public, ); }; };
		C6BA55901BFB181B00077FBC /* CBCentralManager+Factory.h in Headers */ = {isa = PBXBuildFile; fileRef = C6BA55471BFB181B00077FBC /* CBCentralManager+Factory.h */; settings = {ATTRIBUTES = (Private, ); }; };
		C6BA55911BFB181B00077FBC /* CBCentralManager+Factory.m in Sources */ = {isa = PBXBuildFile; fileRef = C6BA55481BFB181B00077FBC /* CBCentralManager+Factory.m */; };
		C6BA55921BFB181B00077FBC /* CBPeripheral+Services.h in Headers */ = {isa = PBXBuildFile; fileRef = C6BA55491BFB181B00077FBC /* CBPeripheral+Services.h */; settings = {ATTRIBUTES = (Private, ); }; };
		C6BA55931BFB181B00077FBC /* CBPeripheral+Services.m in Sources */ = {isa = PBXBuildFile; fileRef = C6BA554A1BFB181B00077FBC /* CBPeripheral+Services.m */; };
		C6BA55941BFB181B00077FBC /* CBService+Characteristics.h in Headers */ = {isa = PBXBuildFile; fileRef = C6BA554B1BFB181B00077FBC /* CBService+Characteristics.h */; settings = {ATTRIBUTES = (Private, ); }; };
		C6BA55951BFB181B00077FBC /* CBService+Characteristics.m in Sources */ = {isa = PBXBuildFile; fileRef = C6BA554C1BFB181B00077FBC /* CBService+Characteristics.m */; };
		C6BA55961BFB181B00077FBC /* FTCentralManagerDelegateProxy.h in Headers */ = {isa = PBXBuildFile; fileRef = C6BA554D1BFB181B00077FBC /* FTCentralManagerDelegateProxy.h */; settings = {ATTRIBUTES = (Private, ); }; };
		C6BA55971BFB181B00077FBC /* FTCentralManagerDelegateProxy.m in Sources */ = {isa = PBXBuildFile; fileRef = C6BA554E1BFB181B00077FBC /* FTCentralManagerDelegateProxy.m */; };
		C6BA55981BFB181B00077FBC /* FTPeripheralController.h in Headers */ = {isa = PBXBuildFile; fileRef = C6BA554F1BFB181B00077FBC /* FTPeripheralController.h */; settings = {ATTRIBUTES = (Private, ); }; };
		C6BA55991BFB181B00077FBC /* FTPeripheralController.m in Sources */ = {isa = PBXBuildFile; fileRef = C6BA55501BFB181B00077FBC /* FTPeripheralController.m */; };
		C6BA559A1BFB181B00077FBC /* FTErrorDomain+Factory.h in Headers */ = {isa = PBXBuildFile; fileRef = C6BA55521BFB181B00077FBC /* FTErrorDomain+Factory.h */; settings = {ATTRIBUTES = (Private, ); }; };
		C6BA559B1BFB181B00077FBC /* FTErrorDomain+Factory.m in Sources */ = {isa = PBXBuildFile; fileRef = C6BA55531BFB181B00077FBC /* FTErrorDomain+Factory.m */; };
		C6BA559C1BFB181B00077FBC /* FTErrorDomain.h in Headers */ = {isa = PBXBuildFile; fileRef = C6BA55541BFB181B00077FBC /* FTErrorDomain.h */; settings = {ATTRIBUTES = (Public, ); }; };
		C6BA559D1BFB181B00077FBC /* FTErrorDomain.m in Sources */ = {isa = PBXBuildFile; fileRef = C6BA55551BFB181B00077FBC /* FTErrorDomain.m */; };
		C6BA559E1BFB181B00077FBC /* FTBLEAvailability.h in Headers */ = {isa = PBXBuildFile; fileRef = C6BA55571BFB181B00077FBC /* FTBLEAvailability.h */; settings = {ATTRIBUTES = (Public, ); }; };
		C6BA559F1BFB181B00077FBC /* FTBLEAvailability.m in Sources */ = {isa = PBXBuildFile; fileRef = C6BA55581BFB181B00077FBC /* FTBLEAvailability.m */; };
		C6BA55A01BFB181B00077FBC /* FTBLEAvailabilityAdapter.h in Headers */ = {isa = PBXBuildFile; fileRef = C6BA55591BFB181B00077FBC /* FTBLEAvailabilityAdapter.h */; settings = {ATTRIBUTES = (Private, ); }; };
		C6BA55A11BFB181B00077FBC /* FTBLEAvailabilityAdapter.m in Sources */ = {isa = PBXBuildFile; fileRef = C6BA555A1BFB181B00077FBC /* FTBLEAvailabilityAdapter.m */; };
		C6BA55A21BFB181B00077FBC /* FTConnectionAttempt.h in Headers */ = {isa = PBXBuildFile; fileRef = C6BA555B1BFB181B00077FBC /* FTConnectionAttempt.h */; settings = {ATTRIBUTES = (Private, ); }; };
		C6BA55A31BFB181B00077FBC /* FTConnectionAttempt.m in Sources */ = {isa = PBXBuildFile; fileRef = C6BA555C1BFB181B00077FBC /* FTConnectionAttempt.m */; };
		C6BA55A41BFB181B00077FBC /* FTConnectionPool.h in Headers */ = {isa = PBXBuildFile; fileRef = C6BA555D1BFB181B00077FBC /* FTConnectionPool.h */; settings = {ATTRIBUTES = (Private, ); }; };
		C6BA55A51BFB181B00077FBC /* FTConnectionPool.m in Sources */ = {isa = PBXBuildFile; fileRef = C6BA555E1BFB181B00077FBC /* FTConnectionPool.m */; };
		C6BA55A61BFB181B00077FBC /* FTConnectivity.h in Headers */ = {isa = PBXBuildFile; fileRef = C6BA555F1BFB181B00077FBC /* FTConnectivity.h */; settings = {ATTRIBUTES = (Public, ); }; };
		C6BA55A71BFB181B00077FBC /* FTConnectivity.m in Sources */ = {isa = PBXBuildFile; fileRef = C6BA55601BFB181B00077FBC /* FTConnectivity.m */; };
		C6BA55A81BFB181B00077FBC /* FTFlytech+SharedInstance.h in Headers */ = {isa = PBXBuildFile; fileRef = C6BA55611BFB181B00077FBC /* FTFlytech+SharedInstance.h */; settings = {ATTRIBUTES = (Public, ); }; };
		C6BA55A91BFB181B00077FBC /* FTFlytech+SharedInstance.m in Sources */ = {isa = PBXBuildFile; fileRef = C6BA55621BFB181B00077FBC /* FTFlytech+SharedInstance.m */; };
		C6BA55AA1BFB181B00077FBC /* FTFlytech.h in Headers */ = {isa = PBXBuildFile; fileRef = C6BA55631BFB181B00077FBC /* FTFlytech.h */; settings = {ATTRIBUTES = (Public, ); }; };
		C6BA55AB1BFB181B00077FBC /* FTFlytech.m in Sources */ = {isa = PBXBuildFile; fileRef = C6BA55641BFB181B00077FBC /* FTFlytech.m */; };
		C6BA55AC1BFB181B00077FBC /* FTPrinter+HexCmd.h in Headers */ = {isa = PBXBuildFile; fileRef = C6BA55661BFB181B00077FBC /* FTPrinter+HexCmd.h */; settings = {ATTRIBUTES = (Private, ); }; };
		C6BA55AD1BFB181B00077FBC /* FTPrinter+HexCmd.m in Sources */ = {isa = PBXBuildFile; fileRef = C6BA55671BFB181B00077FBC /* FTPrinter+HexCmd.m */; };
		C6BA55AE1BFB181B00077FBC /* FTPrinter+Private.h in Headers */ = {isa = PBXBuildFile; fileRef = C6BA55681BFB181B00077FBC /* FTPrinter+Private.h */; settings = {ATTRIBUTES = (Private, ); }; };
		C6BA55AF1BFB181B00077FBC /* FTPrinter+Private.m in Sources */ = {isa = PBXBuildFile; fileRef = C6BA55691BFB181B00077FBC /* FTPrinter+Private.m */; };
		C6BA55B01BFB181B00077FBC /* FTPrinter.h in Headers */ = {isa = PBXBuildFile; fileRef = C6BA556A1BFB181B00077FBC /* FTPrinter.h */; settings = {ATTRIBUTES = (Public, ); }; };
		C6BA55B11BFB181B00077FBC /* FTPrinter.m in Sources */ = {isa = PBXBuildFile; fileRef = C6BA556B1BFB181B00077FBC /* FTPrinter.m */; };
		C6BA55B21BFB181B00077FBC /* FTScanner.h in Headers */ = {isa = PBXBuildFile; fileRef = C6BA556D1BFB181B00077FBC /* FTScanner.h */; settings = {ATTRIBUTES = (Private, ); }; };
		C6BA55B31BFB181B00077FBC /* FTScanner.m in Sources */ = {isa = PBXBuildFile; fileRef = C6BA556E1BFB181B00077FBC /* FTScanner.m */; };
		C6BA55B41BFB181B00077FBC /* FTSerialPortCommunicator+Private.h in Headers */ = {isa = PBXBuildFile; fileRef = C6BA55701BFB181B00077FBC /* FTSerialPortCommunicator+Private.h */; settings = {ATTRIBUTES = (Private, ); }; };
		C6BA55B51BFB181B00077FBC /* FTSerialPortCommunicator+Private.m in Sources */ = {isa = PBXBuildFile; fileRef = C6BA55711BFB181B00077FBC /* FTSerialPortCommunicator+Private.m */; };
		C6BA55B61BFB181B00077FBC /* FTSerialPortCommunicator.h in Headers */ = {isa = PBXBuildFile; fileRef = C6BA55721BFB181B00077FBC /* FTSerialPortCommunicator.h */; settings = {ATTRIBUTES = (Private, ); }; };
		C6BA55B71BFB181B00077FBC /* FTSerialPortCommunicator.m in Sources */ = {isa = PBXBuildFile; fileRef = C6BA55731BFB181B00077FBC /* FTSerialPortCommunicator.m */; };
		C6BA55B81BFB181B00077FBC /* FTSerialPortCommunicatorTask.h in Headers */ = {isa = PBXBuildFile; fileRef = C6BA55741BFB181B00077FBC /* FTSerialPortCommunicatorTask.h */; settings = {ATTRIBUTES = (Private, ); }; };
		C6BA55B91BFB181B00077FBC /* FTSerialPortCommunicatorTask.m in Sources */ = {isa = PBXBuildFile; fileRef = C6BA55751BFB181B00077FBC /* FTSerialPortCommunicatorTask.m */; };
		C6BA55BA1BFB181B00077FBC /* FTSerialPortConfiguration+Factory.h in Headers */ = {isa = PBXBuildFile; fileRef = C6BA55761BFB181B00077FBC /* FTSerialPortConfiguration+Factory.h */; settings = {ATTRIBUTES = (Private, ); }; };
		C6BA55BB1BFB181C00077FBC /* FTSerialPortConfiguration+Factory.m in Sources */ = {isa = PBXBuildFile; fileRef = C6BA55771BFB181B00077FBC /* FTSerialPortConfiguration+Factory.m */; };
		C6BA55BC1BFB181C00077FBC /* FTSerialPortConfiguration.h in Headers */ = {isa = PBXBuildFile; fileRef = C6BA55781BFB181B00077FBC /* FTSerialPortConfiguration.h */; settings = {ATTRIBUTES = (Private, ); }; };
		C6BA55BD1BFB181C00077FBC /* FTSerialPortConfiguration.m in Sources */ = {isa = PBXBuildFile; fileRef = C6BA55791BFB181B00077FBC /* FTSerialPortConfiguration.m */; };
		C6BA55BE1BFB181C00077FBC /* FTSerialPortConfigurator.h in Headers */ = {isa = PBXBuildFile; fileRef = C6BA557A1BFB181B00077FBC /* FTSerialPortConfigurator.h */; settings = {ATTRIBUTES = (Private, ); }; };
		C6BA55BF1BFB181C00077FBC /* FTSerialPortConfigurator.m in Sources */ = {isa = PBXBuildFile; fileRef = C6BA557B1BFB181B00077FBC /* FTSerialPortConfigurator.m */; };
		C6BA55C01BFB181C00077FBC /* FTStand+Private.h in Headers */ = {isa = PBXBuildFile; fileRef = C6BA557D1BFB181B00077FBC /* FTStand+Private.h */; settings = {ATTRIBUTES = (Private, ); }; };
		C6BA55C11BFB181C00077FBC /* FTStand+Private.m in Sources */ = {isa = PBXBuildFile; fileRef = C6BA557E1BFB181B00077FBC /* FTStand+Private.m */; };
		C6BA55C21BFB181C00077FBC /* FTStand.h in Headers */ = {isa = PBXBuildFile; fileRef = C6BA557F1BFB181B00077FBC /* FTStand.h */; settings = {ATTRIBUTES = (Public, ); }; };
		C6BA55C31BFB181C00077FBC /* FTStand.m in Sources */ = {isa = PBXBuildFile; fileRef = C6BA55801BFB181B00077FBC /* FTStand.m */; };
		C6BA55C41BFB181C00077FBC /* FTStandModelNumberParser.h in Headers */ = {isa = PBXBuildFile; fileRef = C6BA55811BFB181B00077FBC /* FTStandModelNumberParser.h */; settings = {ATTRIBUTES = (Private, ); }; };
		C6BA55C51BFB181C00077FBC /* FTStandModelNumberParser.m in Sources */ = {isa = PBXBuildFile; fileRef = C6BA55821BFB181B00077FBC /* FTStandModelNumberParser.m */; };
		C6BA55C61BFB181C00077FBC /* NSData+FTDescriptionBits.h in Headers */ = {isa = PBXBuildFile; fileRef = C6BA55841BFB181B00077FBC /* NSData+FTDescriptionBits.h */; settings = {ATTRIBUTES = (Private, ); }; };
		C6BA55C71BFB181C00077FBC /* NSData+FTDescriptionBits.m in Sources */ = {isa = PBXBuildFile; fileRef = C6BA55851BFB181B00077FBC /* NSData+FTDescriptionBits.m */; };
		C6BA55C81BFB181C00077FBC /* NSData+FTHex.h in Headers */ = {isa = PBXBuildFile; fileRef = C6BA55861BFB181B00077FBC /* NSData+FTHex.h */; settings = {ATTRIBUTES = (Private, ); }; };
		C6BA55C91BFB181C00077FBC /* NSData+FTHex.m in Sources */ = {isa = PBXBuildFile; fileRef = C6BA55871BFB181B00077FBC /* NSData+FTHex.m */; };
		C6BA55CA1BFB181C00077FBC /* NSData+FTReverse.h in Headers */ = {isa = PBXBuildFile; fileRef = C6BA55881BFB181B00077FBC /* NSData+FTReverse.h */; settings = {ATTRIBUTES = (Private, ); }; };
		C6BA55CB1BFB181C00077FBC /* NSData+FTReverse.m in Sources */ = {isa = PBXBuildFile; fileRef = C6BA55891BFB181B00077FBC /* NSData+FTReverse.m */; };
		C6BA55CC1BFB181C00077FBC /* NSData+FTTrim.h in Headers */ = {isa = PBXBuildFile; fileRef = C6BA558A1BFB181B00077FBC /* NSData+FTTrim.h */; settings = {ATTRIBUTES = (Private, ); }; };
		C6BA55CD1BFB181C00077FBC /* NSData+FTTrim.m in Sources */ = {isa = PBXBuildFile; fileRef = C6BA558B1BFB181B00077FBC /* NSData+FTTrim.m */; };
		C6BA55CE1BFB181C00077FBC /* NSMutableData+FTPrepend.h in Headers */ = {isa = PBXBuildFile; fileRef = C6BA558C1BFB181B00077FBC /* NSMutableData+FTPrepend.h */; settings = {ATTRIBUTES = (Private, ); }; };
		C6BA55CF1BFB181C00077FBC /* NSMutableData+FTPrepend.m in Sources */ = {isa = PBXBuildFile; fileRef = C6BA558D1BFB181B00077FBC /* NSMutableData+FTPrepend.m */; };
		C6BA55D01BFB181C00077FBC /* NSString+FTHex.h in Headers */ = {isa = PBXBuildFile; fileRef = C6BA558E1BFB181B00077FBC /* NSString+FTHex.h */; settings = {ATTRIBUTES = (Private, ); }; };
		C6BA55D11BFB181C00077FBC /* NSString+FTHex.m in Sources */ = {isa = PBXBuildFile; fileRef = C6BA558F1BFB181B00077FBC /* NSString+FTHex.m */; };
		C6BA55D41BFB20B800077FBC /* FTPrinter+Advanced.h in Headers */ = {isa = PBXBuildFile; fileRef = C6BA55D21BFB20B800077FBC /* FTPrinter+Advanced.h */; settings = {ATTRIBUTES = (Public, ); }; };
		C6BA55D51BFB20B800077FBC /* FTPrinter+Advanced.h in Headers */ = {isa = PBXBuildFile; fileRef = C6BA55D21BFB20B800077FBC /* FTPrinter+Advanced.h */; settings = {ATTRIBUTES = (Public, ); }; };
		C6BA55D61BFB20B800077FBC /* FTPrinter+Advanced.m in Sources */ = {isa = PBXBuildFile; fileRef = C6BA55D31BFB20B800077FBC /* FTPrinter+Advanced.m */; };
		C6BA55D71BFB20B800077FBC /* FTPrinter+Advanced.m in Sources */ = {isa = PBXBuildFile; fileRef = C6BA55D31BFB20B800077FBC /* FTPrinter+Advanced.m */; };
/* End PBXBuildFile section */

/* Begin PBXFileReference section */
		C60911D71BFC8AA2001E70BA /* FTSerialPortDataReception.h */ = {isa = PBXFileReference; fileEncoding = 4; lastKnownFileType = sourcecode.c.h; path = FTSerialPortDataReception.h; sourceTree = "<group>"; };
		C60911D81BFC8AA2001E70BA /* FTSerialPortDataReception.m */ = {isa = PBXFileReference; fileEncoding = 4; lastKnownFileType = sourcecode.c.objc; path = FTSerialPortDataReception.m; sourceTree = "<group>"; };
		C60911DD1BFDB690001E70BA /* FTDebugging.h */ = {isa = PBXFileReference; fileEncoding = 4; lastKnownFileType = sourcecode.c.h; path = FTDebugging.h; sourceTree = "<group>"; };
		C610B06B1BCE41C100DF3854 /* Flytech.framework */ = {isa = PBXFileReference; explicitFileType = wrapper.framework; includeInIndex = 0; path = Flytech.framework; sourceTree = BUILT_PRODUCTS_DIR; };
		C610B0781BCE42C200DF3854 /* Flytech.h */ = {isa = PBXFileReference; fileEncoding = 4; lastKnownFileType = sourcecode.c.h; path = Flytech.h; sourceTree = "<group>"; };
		C610B07A1BCE42C200DF3854 /* Info.plist */ = {isa = PBXFileReference; fileEncoding = 4; lastKnownFileType = text.plist.xml; path = Info.plist; sourceTree = "<group>"; };
		C610B0861BCE504C00DF3854 /* Flytech.framework */ = {isa = PBXFileReference; explicitFileType = wrapper.framework; includeInIndex = 0; path = Flytech.framework; sourceTree = BUILT_PRODUCTS_DIR; };
		C6BA55471BFB181B00077FBC /* CBCentralManager+Factory.h */ = {isa = PBXFileReference; fileEncoding = 4; lastKnownFileType = sourcecode.c.h; path = "CBCentralManager+Factory.h"; sourceTree = "<group>"; };
		C6BA55481BFB181B00077FBC /* CBCentralManager+Factory.m */ = {isa = PBXFileReference; fileEncoding = 4; lastKnownFileType = sourcecode.c.objc; path = "CBCentralManager+Factory.m"; sourceTree = "<group>"; };
		C6BA55491BFB181B00077FBC /* CBPeripheral+Services.h */ = {isa = PBXFileReference; fileEncoding = 4; lastKnownFileType = sourcecode.c.h; path = "CBPeripheral+Services.h"; sourceTree = "<group>"; };
		C6BA554A1BFB181B00077FBC /* CBPeripheral+Services.m */ = {isa = PBXFileReference; fileEncoding = 4; lastKnownFileType = sourcecode.c.objc; path = "CBPeripheral+Services.m"; sourceTree = "<group>"; };
		C6BA554B1BFB181B00077FBC /* CBService+Characteristics.h */ = {isa = PBXFileReference; fileEncoding = 4; lastKnownFileType = sourcecode.c.h; path = "CBService+Characteristics.h"; sourceTree = "<group>"; };
		C6BA554C1BFB181B00077FBC /* CBService+Characteristics.m */ = {isa = PBXFileReference; fileEncoding = 4; lastKnownFileType = sourcecode.c.objc; path = "CBService+Characteristics.m"; sourceTree = "<group>"; };
		C6BA554D1BFB181B00077FBC /* FTCentralManagerDelegateProxy.h */ = {isa = PBXFileReference; fileEncoding = 4; lastKnownFileType = sourcecode.c.h; path = FTCentralManagerDelegateProxy.h; sourceTree = "<group>"; };
		C6BA554E1BFB181B00077FBC /* FTCentralManagerDelegateProxy.m */ = {isa = PBXFileReference; fileEncoding = 4; lastKnownFileType = sourcecode.c.objc; path = FTCentralManagerDelegateProxy.m; sourceTree = "<group>"; };
		C6BA554F1BFB181B00077FBC /* FTPeripheralController.h */ = {isa = PBXFileReference; fileEncoding = 4; lastKnownFileType = sourcecode.c.h; path = FTPeripheralController.h; sourceTree = "<group>"; };
		C6BA55501BFB181B00077FBC /* FTPeripheralController.m */ = {isa = PBXFileReference; fileEncoding = 4; lastKnownFileType = sourcecode.c.objc; path = FTPeripheralController.m; sourceTree = "<group>"; };
		C6BA55521BFB181B00077FBC /* FTErrorDomain+Factory.h */ = {isa = PBXFileReference; fileEncoding = 4; lastKnownFileType = sourcecode.c.h; path = "FTErrorDomain+Factory.h"; sourceTree = "<group>"; };
		C6BA55531BFB181B00077FBC /* FTErrorDomain+Factory.m */ = {isa = PBXFileReference; fileEncoding = 4; lastKnownFileType = sourcecode.c.objc; path = "FTErrorDomain+Factory.m"; sourceTree = "<group>"; };
		C6BA55541BFB181B00077FBC /* FTErrorDomain.h */ = {isa = PBXFileReference; fileEncoding = 4; lastKnownFileType = sourcecode.c.h; path = FTErrorDomain.h; sourceTree = "<group>"; };
		C6BA55551BFB181B00077FBC /* FTErrorDomain.m */ = {isa = PBXFileReference; fileEncoding = 4; lastKnownFileType = sourcecode.c.objc; path = FTErrorDomain.m; sourceTree = "<group>"; };
		C6BA55571BFB181B00077FBC /* FTBLEAvailability.h */ = {isa = PBXFileReference; fileEncoding = 4; lastKnownFileType = sourcecode.c.h; path = FTBLEAvailability.h; sourceTree = "<group>"; };
		C6BA55581BFB181B00077FBC /* FTBLEAvailability.m */ = {isa = PBXFileReference; fileEncoding = 4; lastKnownFileType = sourcecode.c.objc; path = FTBLEAvailability.m; sourceTree = "<group>"; };
		C6BA55591BFB181B00077FBC /* FTBLEAvailabilityAdapter.h */ = {isa = PBXFileReference; fileEncoding = 4; lastKnownFileType = sourcecode.c.h; path = FTBLEAvailabilityAdapter.h; sourceTree = "<group>"; };
		C6BA555A1BFB181B00077FBC /* FTBLEAvailabilityAdapter.m */ = {isa = PBXFileReference; fileEncoding = 4; lastKnownFileType = sourcecode.c.objc; path = FTBLEAvailabilityAdapter.m; sourceTree = "<group>"; };
		C6BA555B1BFB181B00077FBC /* FTConnectionAttempt.h */ = {isa = PBXFileReference; fileEncoding = 4; lastKnownFileType = sourcecode.c.h; path = FTConnectionAttempt.h; sourceTree = "<group>"; };
		C6BA555C1BFB181B00077FBC /* FTConnectionAttempt.m */ = {isa = PBXFileReference; fileEncoding = 4; lastKnownFileType = sourcecode.c.objc; path = FTConnectionAttempt.m; sourceTree = "<group>"; };
		C6BA555D1BFB181B00077FBC /* FTConnectionPool.h */ = {isa = PBXFileReference; fileEncoding = 4; lastKnownFileType = sourcecode.c.h; path = FTConnectionPool.h; sourceTree = "<group>"; };
		C6BA555E1BFB181B00077FBC /* FTConnectionPool.m */ = {isa = PBXFileReference; fileEncoding = 4; lastKnownFileType = sourcecode.c.objc; path = FTConnectionPool.m; sourceTree = "<group>"; };
		C6BA555F1BFB181B00077FBC /* FTConnectivity.h */ = {isa = PBXFileReference; fileEncoding = 4; lastKnownFileType = sourcecode.c.h; path = FTConnectivity.h; sourceTree = "<group>"; };
		C6BA55601BFB181B00077FBC /* FTConnectivity.m */ = {isa = PBXFileReference; fileEncoding = 4; lastKnownFileType = sourcecode.c.objc; path = FTConnectivity.m; sourceTree = "<group>"; };
		C6BA55611BFB181B00077FBC /* FTFlytech+SharedInstance.h */ = {isa = PBXFileReference; fileEncoding = 4; lastKnownFileType = sourcecode.c.h; path = "FTFlytech+SharedInstance.h"; sourceTree = "<group>"; };
		C6BA55621BFB181B00077FBC /* FTFlytech+SharedInstance.m */ = {isa = PBXFileReference; fileEncoding = 4; lastKnownFileType = sourcecode.c.objc; path = "FTFlytech+SharedInstance.m"; sourceTree = "<group>"; };
		C6BA55631BFB181B00077FBC /* FTFlytech.h */ = {isa = PBXFileReference; fileEncoding = 4; lastKnownFileType = sourcecode.c.h; path = FTFlytech.h; sourceTree = "<group>"; };
		C6BA55641BFB181B00077FBC /* FTFlytech.m */ = {isa = PBXFileReference; fileEncoding = 4; lastKnownFileType = sourcecode.c.objc; path = FTFlytech.m; sourceTree = "<group>"; };
		C6BA55661BFB181B00077FBC /* FTPrinter+HexCmd.h */ = {isa = PBXFileReference; fileEncoding = 4; lastKnownFileType = sourcecode.c.h; path = "FTPrinter+HexCmd.h"; sourceTree = "<group>"; };
		C6BA55671BFB181B00077FBC /* FTPrinter+HexCmd.m */ = {isa = PBXFileReference; fileEncoding = 4; lastKnownFileType = sourcecode.c.objc; path = "FTPrinter+HexCmd.m"; sourceTree = "<group>"; };
		C6BA55681BFB181B00077FBC /* FTPrinter+Private.h */ = {isa = PBXFileReference; fileEncoding = 4; lastKnownFileType = sourcecode.c.h; path = "FTPrinter+Private.h"; sourceTree = "<group>"; };
		C6BA55691BFB181B00077FBC /* FTPrinter+Private.m */ = {isa = PBXFileReference; fileEncoding = 4; lastKnownFileType = sourcecode.c.objc; path = "FTPrinter+Private.m"; sourceTree = "<group>"; };
		C6BA556A1BFB181B00077FBC /* FTPrinter.h */ = {isa = PBXFileReference; fileEncoding = 4; lastKnownFileType = sourcecode.c.h; path = FTPrinter.h; sourceTree = "<group>"; };
		C6BA556B1BFB181B00077FBC /* FTPrinter.m */ = {isa = PBXFileReference; fileEncoding = 4; lastKnownFileType = sourcecode.c.objc; path = FTPrinter.m; sourceTree = "<group>"; };
		C6BA556D1BFB181B00077FBC /* FTScanner.h */ = {isa = PBXFileReference; fileEncoding = 4; lastKnownFileType = sourcecode.c.h; name = FTScanner.h; path = ../Scanner/FTScanner.h; sourceTree = "<group>"; };
		C6BA556E1BFB181B00077FBC /* FTScanner.m */ = {isa = PBXFileReference; fileEncoding = 4; lastKnownFileType = sourcecode.c.objc; name = FTScanner.m; path = ../Scanner/FTScanner.m; sourceTree = "<group>"; };
		C6BA55701BFB181B00077FBC /* FTSerialPortCommunicator+Private.h */ = {isa = PBXFileReference; fileEncoding = 4; lastKnownFileType = sourcecode.c.h; path = "FTSerialPortCommunicator+Private.h"; sourceTree = "<group>"; };
		C6BA55711BFB181B00077FBC /* FTSerialPortCommunicator+Private.m */ = {isa = PBXFileReference; fileEncoding = 4; lastKnownFileType = sourcecode.c.objc; path = "FTSerialPortCommunicator+Private.m"; sourceTree = "<group>"; };
		C6BA55721BFB181B00077FBC /* FTSerialPortCommunicator.h */ = {isa = PBXFileReference; fileEncoding = 4; lastKnownFileType = sourcecode.c.h; path = FTSerialPortCommunicator.h; sourceTree = "<group>"; };
		C6BA55731BFB181B00077FBC /* FTSerialPortCommunicator.m */ = {isa = PBXFileReference; fileEncoding = 4; lastKnownFileType = sourcecode.c.objc; path = FTSerialPortCommunicator.m; sourceTree = "<group>"; };
		C6BA55741BFB181B00077FBC /* FTSerialPortCommunicatorTask.h */ = {isa = PBXFileReference; fileEncoding = 4; lastKnownFileType = sourcecode.c.h; path = FTSerialPortCommunicatorTask.h; sourceTree = "<group>"; };
		C6BA55751BFB181B00077FBC /* FTSerialPortCommunicatorTask.m */ = {isa = PBXFileReference; fileEncoding = 4; lastKnownFileType = sourcecode.c.objc; path = FTSerialPortCommunicatorTask.m; sourceTree = "<group>"; };
		C6BA55761BFB181B00077FBC /* FTSerialPortConfiguration+Factory.h */ = {isa = PBXFileReference; fileEncoding = 4; lastKnownFileType = sourcecode.c.h; path = "FTSerialPortConfiguration+Factory.h"; sourceTree = "<group>"; };
		C6BA55771BFB181B00077FBC /* FTSerialPortConfiguration+Factory.m */ = {isa = PBXFileReference; fileEncoding = 4; lastKnownFileType = sourcecode.c.objc; path = "FTSerialPortConfiguration+Factory.m"; sourceTree = "<group>"; };
		C6BA55781BFB181B00077FBC /* FTSerialPortConfiguration.h */ = {isa = PBXFileReference; fileEncoding = 4; lastKnownFileType = sourcecode.c.h; path = FTSerialPortConfiguration.h; sourceTree = "<group>"; };
		C6BA55791BFB181B00077FBC /* FTSerialPortConfiguration.m */ = {isa = PBXFileReference; fileEncoding = 4; lastKnownFileType = sourcecode.c.objc; path = FTSerialPortConfiguration.m; sourceTree = "<group>"; };
		C6BA557A1BFB181B00077FBC /* FTSerialPortConfigurator.h */ = {isa = PBXFileReference; fileEncoding = 4; lastKnownFileType = sourcecode.c.h; path = FTSerialPortConfigurator.h; sourceTree = "<group>"; };
		C6BA557B1BFB181B00077FBC /* FTSerialPortConfigurator.m */ = {isa = PBXFileReference; fileEncoding = 4; lastKnownFileType = sourcecode.c.objc; path = FTSerialPortConfigurator.m; sourceTree = "<group>"; };
		C6BA557D1BFB181B00077FBC /* FTStand+Private.h */ = {isa = PBXFileReference; fileEncoding = 4; lastKnownFileType = sourcecode.c.h; path = "FTStand+Private.h"; sourceTree = "<group>"; };
		C6BA557E1BFB181B00077FBC /* FTStand+Private.m */ = {isa = PBXFileReference; fileEncoding = 4; lastKnownFileType = sourcecode.c.objc; path = "FTStand+Private.m"; sourceTree = "<group>"; };
		C6BA557F1BFB181B00077FBC /* FTStand.h */ = {isa = PBXFileReference; fileEncoding = 4; lastKnownFileType = sourcecode.c.h; path = FTStand.h; sourceTree = "<group>"; };
		C6BA55801BFB181B00077FBC /* FTStand.m */ = {isa = PBXFileReference; fileEncoding = 4; lastKnownFileType = sourcecode.c.objc; path = FTStand.m; sourceTree = "<group>"; };
		C6BA55811BFB181B00077FBC /* FTStandModelNumberParser.h */ = {isa = PBXFileReference; fileEncoding = 4; lastKnownFileType = sourcecode.c.h; path = FTStandModelNumberParser.h; sourceTree = "<group>"; };
		C6BA55821BFB181B00077FBC /* FTStandModelNumberParser.m */ = {isa = PBXFileReference; fileEncoding = 4; lastKnownFileType = sourcecode.c.objc; path = FTStandModelNumberParser.m; sourceTree = "<group>"; };
		C6BA55841BFB181B00077FBC /* NSData+FTDescriptionBits.h */ = {isa = PBXFileReference; fileEncoding = 4; lastKnownFileType = sourcecode.c.h; path = "NSData+FTDescriptionBits.h"; sourceTree = "<group>"; };
		C6BA55851BFB181B00077FBC /* NSData+FTDescriptionBits.m */ = {isa = PBXFileReference; fileEncoding = 4; lastKnownFileType = sourcecode.c.objc; path = "NSData+FTDescriptionBits.m"; sourceTree = "<group>"; };
		C6BA55861BFB181B00077FBC /* NSData+FTHex.h */ = {isa = PBXFileReference; fileEncoding = 4; lastKnownFileType = sourcecode.c.h; path = "NSData+FTHex.h"; sourceTree = "<group>"; };
		C6BA55871BFB181B00077FBC /* NSData+FTHex.m */ = {isa = PBXFileReference; fileEncoding = 4; lastKnownFileType = sourcecode.c.objc; path = "NSData+FTHex.m"; sourceTree = "<group>"; };
		C6BA55881BFB181B00077FBC /* NSData+FTReverse.h */ = {isa = PBXFileReference; fileEncoding = 4; lastKnownFileType = sourcecode.c.h; path = "NSData+FTReverse.h"; sourceTree = "<group>"; };
		C6BA55891BFB181B00077FBC /* NSData+FTReverse.m */ = {isa = PBXFileReference; fileEncoding = 4; lastKnownFileType = sourcecode.c.objc; path = "NSData+FTReverse.m"; sourceTree = "<group>"; };
		C6BA558A1BFB181B00077FBC /* NSData+FTTrim.h */ = {isa = PBXFileReference; fileEncoding = 4; lastKnownFileType = sourcecode.c.h; path = "NSData+FTTrim.h"; sourceTree = "<group>"; };
		C6BA558B1BFB181B00077FBC /* NSData+FTTrim.m */ = {isa = PBXFileReference; fileEncoding = 4; lastKnownFileType = sourcecode.c.objc; path = "NSData+FTTrim.m"; sourceTree = "<group>"; };
		C6BA558C1BFB181B00077FBC /* NSMutableData+FTPrepend.h */ = {isa = PBXFileReference; fileEncoding = 4; lastKnownFileType = sourcecode.c.h; path = "NSMutableData+FTPrepend.h"; sourceTree = "<group>"; };
		C6BA558D1BFB181B00077FBC /* NSMutableData+FTPrepend.m */ = {isa = PBXFileReference; fileEncoding = 4; lastKnownFileType = sourcecode.c.objc; path = "NSMutableData+FTPrepend.m"; sourceTree = "<group>"; };
		C6BA558E1BFB181B00077FBC /* NSString+FTHex.h */ = {isa = PBXFileReference; fileEncoding = 4; lastKnownFileType = sourcecode.c.h; path = "NSString+FTHex.h"; sourceTree = "<group>"; };
		C6BA558F1BFB181B00077FBC /* NSString+FTHex.m */ = {isa = PBXFileReference; fileEncoding = 4; lastKnownFileType = sourcecode.c.objc; path = "NSString+FTHex.m"; sourceTree = "<group>"; };
		C6BA55D21BFB20B800077FBC /* FTPrinter+Advanced.h */ = {isa = PBXFileReference; fileEncoding = 4; lastKnownFileType = sourcecode.c.h; path = "FTPrinter+Advanced.h"; sourceTree = "<group>"; };
		C6BA55D31BFB20B800077FBC /* FTPrinter+Advanced.m */ = {isa = PBXFileReference; fileEncoding = 4; lastKnownFileType = sourcecode.c.objc; path = "FTPrinter+Advanced.m"; sourceTree = "<group>"; };
/* End PBXFileReference section */

/* Begin PBXFrameworksBuildPhase section */
		C610B0671BCE41C100DF3854 /* Frameworks */ = {
			isa = PBXFrameworksBuildPhase;
			buildActionMask = 2147483647;
			files = (
			);
			runOnlyForDeploymentPostprocessing = 0;
		};
		C610B0821BCE504C00DF3854 /* Frameworks */ = {
			isa = PBXFrameworksBuildPhase;
			buildActionMask = 2147483647;
			files = (
			);
			runOnlyForDeploymentPostprocessing = 0;
		};
/* End PBXFrameworksBuildPhase section */

/* Begin PBXGroup section */
		C610B0611BCE41C100DF3854 = {
			isa = PBXGroup;
			children = (
				C610B0771BCE42C200DF3854 /* Umbrella */,
				C6BA55451BFB181B00077FBC /* Source */,
				C610B0791BCE42C200DF3854 /* Resources */,
				C610B06C1BCE41C100DF3854 /* Products */,
			);
			sourceTree = "<group>";
		};
		C610B06C1BCE41C100DF3854 /* Products */ = {
			isa = PBXGroup;
			children = (
				C610B06B1BCE41C100DF3854 /* Flytech.framework */,
				C610B0861BCE504C00DF3854 /* Flytech.framework */,
			);
			name = Products;
			sourceTree = "<group>";
		};
		C610B0771BCE42C200DF3854 /* Umbrella */ = {
			isa = PBXGroup;
			children = (
				C610B0781BCE42C200DF3854 /* Flytech.h */,
			);
			path = Umbrella;
			sourceTree = "<group>";
		};
		C610B0791BCE42C200DF3854 /* Resources */ = {
			isa = PBXGroup;
			children = (
				C610B07A1BCE42C200DF3854 /* Info.plist */,
			);
			path = Resources;
			sourceTree = "<group>";
		};
		C6BA55451BFB181B00077FBC /* Source */ = {
			isa = PBXGroup;
			children = (
				C6BA55561BFB181B00077FBC /* Flytech */,
				C6BA55461BFB181B00077FBC /* Bluetooth */,
				C6BA556F1BFB181B00077FBC /* Serial Port */,
				C6BA557C1BFB181B00077FBC /* Stand */,
				C6BA55651BFB181B00077FBC /* Printer */,
				C6BA55831BFB181B00077FBC /* Utilities */,
				C6BA55511BFB181B00077FBC /* Errors */,
			);
			path = Source;
			sourceTree = "<group>";
		};
		C6BA55461BFB181B00077FBC /* Bluetooth */ = {
			isa = PBXGroup;
			children = (
				C6BA554D1BFB181B00077FBC /* FTCentralManagerDelegateProxy.h */,
				C6BA554E1BFB181B00077FBC /* FTCentralManagerDelegateProxy.m */,
				C6BA55471BFB181B00077FBC /* CBCentralManager+Factory.h */,
				C6BA55481BFB181B00077FBC /* CBCentralManager+Factory.m */,
				C6BA554F1BFB181B00077FBC /* FTPeripheralController.h */,
				C6BA55501BFB181B00077FBC /* FTPeripheralController.m */,
				C6BA55491BFB181B00077FBC /* CBPeripheral+Services.h */,
				C6BA554A1BFB181B00077FBC /* CBPeripheral+Services.m */,
				C6BA554B1BFB181B00077FBC /* CBService+Characteristics.h */,
				C6BA554C1BFB181B00077FBC /* CBService+Characteristics.m */,
			);
			path = Bluetooth;
			sourceTree = "<group>";
		};
		C6BA55511BFB181B00077FBC /* Errors */ = {
			isa = PBXGroup;
			children = (
				C6BA55521BFB181B00077FBC /* FTErrorDomain+Factory.h */,
				C6BA55531BFB181B00077FBC /* FTErrorDomain+Factory.m */,
				C6BA55541BFB181B00077FBC /* FTErrorDomain.h */,
				C6BA55551BFB181B00077FBC /* FTErrorDomain.m */,
			);
			path = Errors;
			sourceTree = "<group>";
		};
		C6BA55561BFB181B00077FBC /* Flytech */ = {
			isa = PBXGroup;
			children = (
				C6BA55631BFB181B00077FBC /* FTFlytech.h */,
				C6BA55641BFB181B00077FBC /* FTFlytech.m */,
				C6BA55611BFB181B00077FBC /* FTFlytech+SharedInstance.h */,
				C6BA55621BFB181B00077FBC /* FTFlytech+SharedInstance.m */,
				C6BA55571BFB181B00077FBC /* FTBLEAvailability.h */,
				C6BA55581BFB181B00077FBC /* FTBLEAvailability.m */,
				C6BA55591BFB181B00077FBC /* FTBLEAvailabilityAdapter.h */,
				C6BA555A1BFB181B00077FBC /* FTBLEAvailabilityAdapter.m */,
				C6BA556D1BFB181B00077FBC /* FTScanner.h */,
				C6BA556E1BFB181B00077FBC /* FTScanner.m */,
				C6BA555D1BFB181B00077FBC /* FTConnectionPool.h */,
				C6BA555E1BFB181B00077FBC /* FTConnectionPool.m */,
				C6BA555B1BFB181B00077FBC /* FTConnectionAttempt.h */,
				C6BA555C1BFB181B00077FBC /* FTConnectionAttempt.m */,
				C6BA555F1BFB181B00077FBC /* FTConnectivity.h */,
				C6BA55601BFB181B00077FBC /* FTConnectivity.m */,
			);
			path = Flytech;
			sourceTree = "<group>";
		};
		C6BA55651BFB181B00077FBC /* Printer */ = {
			isa = PBXGroup;
			children = (
				C6BA556A1BFB181B00077FBC /* FTPrinter.h */,
				C6BA556B1BFB181B00077FBC /* FTPrinter.m */,
				C6BA55681BFB181B00077FBC /* FTPrinter+Private.h */,
				C6BA55691BFB181B00077FBC /* FTPrinter+Private.m */,
				C6BA55D21BFB20B800077FBC /* FTPrinter+Advanced.h */,
				C6BA55D31BFB20B800077FBC /* FTPrinter+Advanced.m */,
				C6BA55661BFB181B00077FBC /* FTPrinter+HexCmd.h */,
				C6BA55671BFB181B00077FBC /* FTPrinter+HexCmd.m */,
			);
			path = Printer;
			sourceTree = "<group>";
		};
		C6BA556F1BFB181B00077FBC /* Serial Port */ = {
			isa = PBXGroup;
			children = (
				C6BA55721BFB181B00077FBC /* FTSerialPortCommunicator.h */,
				C6BA55731BFB181B00077FBC /* FTSerialPortCommunicator.m */,
				C6BA55701BFB181B00077FBC /* FTSerialPortCommunicator+Private.h */,
				C6BA55711BFB181B00077FBC /* FTSerialPortCommunicator+Private.m */,
				C60911D71BFC8AA2001E70BA /* FTSerialPortDataReception.h */,
				C60911D81BFC8AA2001E70BA /* FTSerialPortDataReception.m */,
				C6BA557A1BFB181B00077FBC /* FTSerialPortConfigurator.h */,
				C6BA557B1BFB181B00077FBC /* FTSerialPortConfigurator.m */,
				C6BA55781BFB181B00077FBC /* FTSerialPortConfiguration.h */,
				C6BA55791BFB181B00077FBC /* FTSerialPortConfiguration.m */,
				C6BA55761BFB181B00077FBC /* FTSerialPortConfiguration+Factory.h */,
				C6BA55771BFB181B00077FBC /* FTSerialPortConfiguration+Factory.m */,
				C6BA55741BFB181B00077FBC /* FTSerialPortCommunicatorTask.h */,
				C6BA55751BFB181B00077FBC /* FTSerialPortCommunicatorTask.m */,
			);
			path = "Serial Port";
			sourceTree = "<group>";
		};
		C6BA557C1BFB181B00077FBC /* Stand */ = {
			isa = PBXGroup;
			children = (
				C6BA557F1BFB181B00077FBC /* FTStand.h */,
				C6BA55801BFB181B00077FBC /* FTStand.m */,
				C6BA557D1BFB181B00077FBC /* FTStand+Private.h */,
				C6BA557E1BFB181B00077FBC /* FTStand+Private.m */,
				C6BA55811BFB181B00077FBC /* FTStandModelNumberParser.h */,
				C6BA55821BFB181B00077FBC /* FTStandModelNumberParser.m */,
			);
			path = Stand;
			sourceTree = "<group>";
		};
		C6BA55831BFB181B00077FBC /* Utilities */ = {
			isa = PBXGroup;
			children = (
				C60911DD1BFDB690001E70BA /* FTDebugging.h */,
				C6BA55841BFB181B00077FBC /* NSData+FTDescriptionBits.h */,
				C6BA55851BFB181B00077FBC /* NSData+FTDescriptionBits.m */,
				C6BA55861BFB181B00077FBC /* NSData+FTHex.h */,
				C6BA55871BFB181B00077FBC /* NSData+FTHex.m */,
				C6BA55881BFB181B00077FBC /* NSData+FTReverse.h */,
				C6BA55891BFB181B00077FBC /* NSData+FTReverse.m */,
				C6BA558A1BFB181B00077FBC /* NSData+FTTrim.h */,
				C6BA558B1BFB181B00077FBC /* NSData+FTTrim.m */,
				C6BA558C1BFB181B00077FBC /* NSMutableData+FTPrepend.h */,
				C6BA558D1BFB181B00077FBC /* NSMutableData+FTPrepend.m */,
				C6BA558E1BFB181B00077FBC /* NSString+FTHex.h */,
				C6BA558F1BFB181B00077FBC /* NSString+FTHex.m */,
			);
			path = Utilities;
			sourceTree = "<group>";
		};
/* End PBXGroup section */

/* Begin PBXHeadersBuildPhase section */
		C610B0681BCE41C100DF3854 /* Headers */ = {
			isa = PBXHeadersBuildPhase;
			buildActionMask = 2147483647;
			files = (
				C6BA559E1BFB181B00077FBC /* FTBLEAvailability.h in Headers */,
				C6BA55AA1BFB181B00077FBC /* FTFlytech.h in Headers */,
				C6BA55A81BFB181B00077FBC /* FTFlytech+SharedInstance.h in Headers */,
				C6BA559C1BFB181B00077FBC /* FTErrorDomain.h in Headers */,
				C6BA55C21BFB181C00077FBC /* FTStand.h in Headers */,
				C6BA55B01BFB181B00077FBC /* FTPrinter.h in Headers */,
				C6BA55A61BFB181B00077FBC /* FTConnectivity.h in Headers */,
				C6BA55BC1BFB181C00077FBC /* FTSerialPortConfiguration.h in Headers */,
				C6BA55B21BFB181B00077FBC /* FTScanner.h in Headers */,
				C6BA55CC1BFB181C00077FBC /* NSData+FTTrim.h in Headers */,
				C6BA559A1BFB181B00077FBC /* FTErrorDomain+Factory.h in Headers */,
				C6BA55B41BFB181B00077FBC /* FTSerialPortCommunicator+Private.h in Headers */,
				C6BA55B81BFB181B00077FBC /* FTSerialPortCommunicatorTask.h in Headers */,
				C6BA55D01BFB181C00077FBC /* NSString+FTHex.h in Headers */,
				C6BA55961BFB181B00077FBC /* FTCentralManagerDelegateProxy.h in Headers */,
				C60911D91BFC8AA2001E70BA /* FTSerialPortDataReception.h in Headers */,
				C6BA55A41BFB181B00077FBC /* FTConnectionPool.h in Headers */,
				C6BA55BE1BFB181C00077FBC /* FTSerialPortConfigurator.h in Headers */,
				C6BA55921BFB181B00077FBC /* CBPeripheral+Services.h in Headers */,
				C6BA55981BFB181B00077FBC /* FTPeripheralController.h in Headers */,
				C6BA55C81BFB181C00077FBC /* NSData+FTHex.h in Headers */,
				C6BA55CA1BFB181C00077FBC /* NSData+FTReverse.h in Headers */,
				C6BA55AE1BFB181B00077FBC /* FTPrinter+Private.h in Headers */,
				C6BA55901BFB181B00077FBC /* CBCentralManager+Factory.h in Headers */,
				C6BA55C61BFB181C00077FBC /* NSData+FTDescriptionBits.h in Headers */,
				C6BA55AC1BFB181B00077FBC /* FTPrinter+HexCmd.h in Headers */,
				C60911DE1BFDB690001E70BA /* FTDebugging.h in Headers */,
				C6BA55BA1BFB181B00077FBC /* FTSerialPortConfiguration+Factory.h in Headers */,
				C6BA55941BFB181B00077FBC /* CBService+Characteristics.h in Headers */,
				C6BA55CE1BFB181C00077FBC /* NSMutableData+FTPrepend.h in Headers */,
				C6BA55B61BFB181B00077FBC /* FTSerialPortCommunicator.h in Headers */,
				C6BA55A21BFB181B00077FBC /* FTConnectionAttempt.h in Headers */,
				C6BA55C01BFB181C00077FBC /* FTStand+Private.h in Headers */,
				C6BA55A01BFB181B00077FBC /* FTBLEAvailabilityAdapter.h in Headers */,
				C6BA55C41BFB181C00077FBC /* FTStandModelNumberParser.h in Headers */,
				C610B07B1BCE42C200DF3854 /* Flytech.h in Headers */,
				C6BA55D41BFB20B800077FBC /* FTPrinter+Advanced.h in Headers */,
			);
			runOnlyForDeploymentPostprocessing = 0;
		};
		C610B0831BCE504C00DF3854 /* Headers */ = {
			isa = PBXHeadersBuildPhase;
			buildActionMask = 2147483647;
			files = (
				C60911DA1BFC8AA2001E70BA /* FTSerialPortDataReception.h in Headers */,
				C60911DF1BFDB690001E70BA /* FTDebugging.h in Headers */,
				C60911BA1BFB8C8B001E70BA /* Flytech.h in Headers */,
				C6BA55D51BFB20B800077FBC /* FTPrinter+Advanced.h in Headers */,
			);
			runOnlyForDeploymentPostprocessing = 0;
		};
/* End PBXHeadersBuildPhase section */

/* Begin PBXNativeTarget section */
		C610B06A1BCE41C100DF3854 /* Flytech iOS */ = {
			isa = PBXNativeTarget;
			buildConfigurationList = C610B0731BCE41C100DF3854 /* Build configuration list for PBXNativeTarget "Flytech iOS" */;
			buildPhases = (
				C610B0661BCE41C100DF3854 /* Sources */,
				C610B0671BCE41C100DF3854 /* Frameworks */,
				C610B0681BCE41C100DF3854 /* Headers */,
				C610B0691BCE41C100DF3854 /* Resources */,
			);
			buildRules = (
			);
			dependencies = (
			);
			name = "Flytech iOS";
			productName = FlytechPOS;
			productReference = C610B06B1BCE41C100DF3854 /* Flytech.framework */;
			productType = "com.apple.product-type.framework";
		};
		C610B0851BCE504C00DF3854 /* Flytech OSX */ = {
			isa = PBXNativeTarget;
			buildConfigurationList = C610B08B1BCE504C00DF3854 /* Build configuration list for PBXNativeTarget "Flytech OSX" */;
			buildPhases = (
				C610B0811BCE504C00DF3854 /* Sources */,
				C610B0821BCE504C00DF3854 /* Frameworks */,
				C610B0831BCE504C00DF3854 /* Headers */,
				C610B0841BCE504C00DF3854 /* Resources */,
			);
			buildRules = (
			);
			dependencies = (
			);
			name = "Flytech OSX";
			productName = Flytech;
			productReference = C610B0861BCE504C00DF3854 /* Flytech.framework */;
			productType = "com.apple.product-type.framework";
		};
/* End PBXNativeTarget section */

/* Begin PBXProject section */
		C610B0621BCE41C100DF3854 /* Project object */ = {
			isa = PBXProject;
			attributes = {
				LastUpgradeCheck = 0710;
				ORGANIZATIONNAME = "Glastonia Ltd.";
				TargetAttributes = {
					C610B06A1BCE41C100DF3854 = {
						CreatedOnToolsVersion = 7.1;
					};
					C610B0851BCE504C00DF3854 = {
						CreatedOnToolsVersion = 7.1;
					};
				};
			};
			buildConfigurationList = C610B0651BCE41C100DF3854 /* Build configuration list for PBXProject "Flytech" */;
			compatibilityVersion = "Xcode 3.2";
			developmentRegion = English;
			hasScannedForEncodings = 0;
			knownRegions = (
				en,
			);
			mainGroup = C610B0611BCE41C100DF3854;
			productRefGroup = C610B06C1BCE41C100DF3854 /* Products */;
			projectDirPath = "";
			projectRoot = "";
			targets = (
				C610B06A1BCE41C100DF3854 /* Flytech iOS */,
				C610B0851BCE504C00DF3854 /* Flytech OSX */,
			);
		};
/* End PBXProject section */

/* Begin PBXResourcesBuildPhase section */
		C610B0691BCE41C100DF3854 /* Resources */ = {
			isa = PBXResourcesBuildPhase;
			buildActionMask = 2147483647;
			files = (
			);
			runOnlyForDeploymentPostprocessing = 0;
		};
		C610B0841BCE504C00DF3854 /* Resources */ = {
			isa = PBXResourcesBuildPhase;
			buildActionMask = 2147483647;
			files = (
			);
			runOnlyForDeploymentPostprocessing = 0;
		};
/* End PBXResourcesBuildPhase section */

/* Begin PBXSourcesBuildPhase section */
		C610B0661BCE41C100DF3854 /* Sources */ = {
			isa = PBXSourcesBuildPhase;
			buildActionMask = 2147483647;
			files = (
				C6BA55A71BFB181B00077FBC /* FTConnectivity.m in Sources */,
				C6BA55CB1BFB181C00077FBC /* NSData+FTReverse.m in Sources */,
				C6BA55B71BFB181B00077FBC /* FTSerialPortCommunicator.m in Sources */,
				C6BA55C11BFB181C00077FBC /* FTStand+Private.m in Sources */,
				C6BA55D11BFB181C00077FBC /* NSString+FTHex.m in Sources */,
				C6BA559D1BFB181B00077FBC /* FTErrorDomain.m in Sources */,
				C6BA55C51BFB181C00077FBC /* FTStandModelNumberParser.m in Sources */,
				C6BA55AF1BFB181B00077FBC /* FTPrinter+Private.m in Sources */,
				C6BA55A11BFB181B00077FBC /* FTBLEAvailabilityAdapter.m in Sources */,
				C6BA55C71BFB181C00077FBC /* NSData+FTDescriptionBits.m in Sources */,
				C6BA55B11BFB181B00077FBC /* FTPrinter.m in Sources */,
				C6BA55951BFB181B00077FBC /* CBService+Characteristics.m in Sources */,
				C6BA55A31BFB181B00077FBC /* FTConnectionAttempt.m in Sources */,
				C6BA55CF1BFB181C00077FBC /* NSMutableData+FTPrepend.m in Sources */,
				C6BA55BD1BFB181C00077FBC /* FTSerialPortConfiguration.m in Sources */,
				C6BA55971BFB181B00077FBC /* FTCentralManagerDelegateProxy.m in Sources */,
				C6BA55931BFB181B00077FBC /* CBPeripheral+Services.m in Sources */,
				C6BA55AB1BFB181B00077FBC /* FTFlytech.m in Sources */,
				C6BA55B91BFB181B00077FBC /* FTSerialPortCommunicatorTask.m in Sources */,
				C6BA55CD1BFB181C00077FBC /* NSData+FTTrim.m in Sources */,
				C6BA55B31BFB181B00077FBC /* FTScanner.m in Sources */,
				C60911DB1BFC8AA2001E70BA /* FTSerialPortDataReception.m in Sources */,
				C6BA559B1BFB181B00077FBC /* FTErrorDomain+Factory.m in Sources */,
				C6BA55D61BFB20B800077FBC /* FTPrinter+Advanced.m in Sources */,
				C6BA55BF1BFB181C00077FBC /* FTSerialPortConfigurator.m in Sources */,
				C6BA55991BFB181B00077FBC /* FTPeripheralController.m in Sources */,
				C6BA559F1BFB181B00077FBC /* FTBLEAvailability.m in Sources */,
				C6BA55911BFB181B00077FBC /* CBCentralManager+Factory.m in Sources */,
				C6BA55C31BFB181C00077FBC /* FTStand.m in Sources */,
				C6BA55A91BFB181B00077FBC /* FTFlytech+SharedInstance.m in Sources */,
				C6BA55BB1BFB181C00077FBC /* FTSerialPortConfiguration+Factory.m in Sources */,
				C6BA55B51BFB181B00077FBC /* FTSerialPortCommunicator+Private.m in Sources */,
				C6BA55AD1BFB181B00077FBC /* FTPrinter+HexCmd.m in Sources */,
				C6BA55C91BFB181C00077FBC /* NSData+FTHex.m in Sources */,
				C6BA55A51BFB181B00077FBC /* FTConnectionPool.m in Sources */,
			);
			runOnlyForDeploymentPostprocessing = 0;
		};
		C610B0811BCE504C00DF3854 /* Sources */ = {
			isa = PBXSourcesBuildPhase;
			buildActionMask = 2147483647;
			files = (
				C60911DC1BFC8AA2001E70BA /* FTSerialPortDataReception.m in Sources */,
				C6BA55D71BFB20B800077FBC /* FTPrinter+Advanced.m in Sources */,
			);
			runOnlyForDeploymentPostprocessing = 0;
		};
/* End PBXSourcesBuildPhase section */

/* Begin XCBuildConfiguration section */
		C610B0711BCE41C100DF3854 /* Debug */ = {
			isa = XCBuildConfiguration;
			buildSettings = {
				ALWAYS_SEARCH_USER_PATHS = NO;
				CLANG_CXX_LANGUAGE_STANDARD = "gnu++0x";
				CLANG_CXX_LIBRARY = "libc++";
				CLANG_ENABLE_MODULES = YES;
				CLANG_ENABLE_OBJC_ARC = YES;
				CLANG_WARN_BOOL_CONVERSION = YES;
				CLANG_WARN_CONSTANT_CONVERSION = YES;
				CLANG_WARN_DIRECT_OBJC_ISA_USAGE = YES_ERROR;
				CLANG_WARN_EMPTY_BODY = YES;
				CLANG_WARN_ENUM_CONVERSION = YES;
				CLANG_WARN_INT_CONVERSION = YES;
				CLANG_WARN_OBJC_ROOT_CLASS = YES_ERROR;
				CLANG_WARN_UNREACHABLE_CODE = YES;
				CLANG_WARN__DUPLICATE_METHOD_MATCH = YES;
				"CODE_SIGN_IDENTITY[sdk=iphoneos*]" = "iPhone Developer";
				COPY_PHASE_STRIP = NO;
				CURRENT_PROJECT_VERSION = 1;
				DEBUG_INFORMATION_FORMAT = dwarf;
				ENABLE_STRICT_OBJC_MSGSEND = YES;
				ENABLE_TESTABILITY = YES;
				GCC_C_LANGUAGE_STANDARD = gnu99;
				GCC_DYNAMIC_NO_PIC = NO;
				GCC_NO_COMMON_BLOCKS = YES;
				GCC_OPTIMIZATION_LEVEL = 0;
				GCC_PREPROCESSOR_DEFINITIONS = (
					"DEBUG=1",
					"$(inherited)",
				);
				GCC_WARN_64_TO_32_BIT_CONVERSION = YES;
				GCC_WARN_ABOUT_RETURN_TYPE = YES_ERROR;
				GCC_WARN_UNDECLARED_SELECTOR = YES;
				GCC_WARN_UNINITIALIZED_AUTOS = YES_AGGRESSIVE;
				GCC_WARN_UNUSED_FUNCTION = YES;
				GCC_WARN_UNUSED_VARIABLE = YES;
				INFOPLIST_FILE = Resources/Info.plist;
				IPHONEOS_DEPLOYMENT_TARGET = 9.1;
				MTL_ENABLE_DEBUG_INFO = YES;
				ONLY_ACTIVE_ARCH = YES;
				PRODUCT_BUNDLE_IDENTIFIER = com.glastonia.Flytech;
				PRODUCT_NAME = Flytech;
				SDKROOT = iphoneos;
				TARGETED_DEVICE_FAMILY = "1,2";
				VERSIONING_SYSTEM = "apple-generic";
				VERSION_INFO_PREFIX = "";
			};
			name = Debug;
		};
		C610B0721BCE41C100DF3854 /* Release */ = {
			isa = XCBuildConfiguration;
			buildSettings = {
				ALWAYS_SEARCH_USER_PATHS = NO;
				CLANG_CXX_LANGUAGE_STANDARD = "gnu++0x";
				CLANG_CXX_LIBRARY = "libc++";
				CLANG_ENABLE_MODULES = YES;
				CLANG_ENABLE_OBJC_ARC = YES;
				CLANG_WARN_BOOL_CONVERSION = YES;
				CLANG_WARN_CONSTANT_CONVERSION = YES;
				CLANG_WARN_DIRECT_OBJC_ISA_USAGE = YES_ERROR;
				CLANG_WARN_EMPTY_BODY = YES;
				CLANG_WARN_ENUM_CONVERSION = YES;
				CLANG_WARN_INT_CONVERSION = YES;
				CLANG_WARN_OBJC_ROOT_CLASS = YES_ERROR;
				CLANG_WARN_UNREACHABLE_CODE = YES;
				CLANG_WARN__DUPLICATE_METHOD_MATCH = YES;
				"CODE_SIGN_IDENTITY[sdk=iphoneos*]" = "iPhone Developer";
				COPY_PHASE_STRIP = NO;
				CURRENT_PROJECT_VERSION = 1;
				DEBUG_INFORMATION_FORMAT = "dwarf-with-dsym";
				ENABLE_NS_ASSERTIONS = NO;
				ENABLE_STRICT_OBJC_MSGSEND = YES;
				GCC_C_LANGUAGE_STANDARD = gnu99;
				GCC_NO_COMMON_BLOCKS = YES;
				GCC_WARN_64_TO_32_BIT_CONVERSION = YES;
				GCC_WARN_ABOUT_RETURN_TYPE = YES_ERROR;
				GCC_WARN_UNDECLARED_SELECTOR = YES;
				GCC_WARN_UNINITIALIZED_AUTOS = YES_AGGRESSIVE;
				GCC_WARN_UNUSED_FUNCTION = YES;
				GCC_WARN_UNUSED_VARIABLE = YES;
				INFOPLIST_FILE = Resources/Info.plist;
				IPHONEOS_DEPLOYMENT_TARGET = 9.1;
				MTL_ENABLE_DEBUG_INFO = NO;
				PRODUCT_BUNDLE_IDENTIFIER = com.glastonia.Flytech;
				PRODUCT_NAME = Flytech;
				SDKROOT = iphoneos;
				TARGETED_DEVICE_FAMILY = "1,2";
				VALIDATE_PRODUCT = YES;
				VERSIONING_SYSTEM = "apple-generic";
				VERSION_INFO_PREFIX = "";
			};
			name = Release;
		};
		C610B0741BCE41C100DF3854 /* Debug */ = {
			isa = XCBuildConfiguration;
			buildSettings = {
				DEFINES_MODULE = YES;
				DYLIB_COMPATIBILITY_VERSION = 1;
				DYLIB_CURRENT_VERSION = 1;
				DYLIB_INSTALL_NAME_BASE = "@rpath";
				INSTALL_PATH = "$(LOCAL_LIBRARY_DIR)/Frameworks";
				IPHONEOS_DEPLOYMENT_TARGET = 8.0;
				LD_RUNPATH_SEARCH_PATHS = "$(inherited) @executable_path/Frameworks @loader_path/Frameworks";
				SKIP_INSTALL = YES;
			};
			name = Debug;
		};
		C610B0751BCE41C100DF3854 /* Release */ = {
			isa = XCBuildConfiguration;
			buildSettings = {
				DEFINES_MODULE = YES;
				DYLIB_COMPATIBILITY_VERSION = 1;
				DYLIB_CURRENT_VERSION = 1;
				DYLIB_INSTALL_NAME_BASE = "@rpath";
				INSTALL_PATH = "$(LOCAL_LIBRARY_DIR)/Frameworks";
				IPHONEOS_DEPLOYMENT_TARGET = 8.0;
				LD_RUNPATH_SEARCH_PATHS = "$(inherited) @executable_path/Frameworks @loader_path/Frameworks";
				SKIP_INSTALL = YES;
			};
			name = Release;
		};
		C610B08C1BCE504C00DF3854 /* Debug */ = {
			isa = XCBuildConfiguration;
			buildSettings = {
				CODE_SIGN_IDENTITY = "-";
				COMBINE_HIDPI_IMAGES = YES;
				DEFINES_MODULE = YES;
				DYLIB_COMPATIBILITY_VERSION = 1;
				DYLIB_CURRENT_VERSION = 1;
				DYLIB_INSTALL_NAME_BASE = "@rpath";
				FRAMEWORK_VERSION = A;
				INSTALL_PATH = "$(LOCAL_LIBRARY_DIR)/Frameworks";
				LD_RUNPATH_SEARCH_PATHS = "$(inherited) @executable_path/../Frameworks @loader_path/Frameworks";
				MACOSX_DEPLOYMENT_TARGET = 10.10;
				SDKROOT = macosx;
				SKIP_INSTALL = YES;
			};
			name = Debug;
		};
		C610B08D1BCE504C00DF3854 /* Release */ = {
			isa = XCBuildConfiguration;
			buildSettings = {
				CODE_SIGN_IDENTITY = "-";
				COMBINE_HIDPI_IMAGES = YES;
				DEFINES_MODULE = YES;
				DYLIB_COMPATIBILITY_VERSION = 1;
				DYLIB_CURRENT_VERSION = 1;
				DYLIB_INSTALL_NAME_BASE = "@rpath";
				FRAMEWORK_VERSION = A;
				INSTALL_PATH = "$(LOCAL_LIBRARY_DIR)/Frameworks";
				LD_RUNPATH_SEARCH_PATHS = "$(inherited) @executable_path/../Frameworks @loader_path/Frameworks";
				MACOSX_DEPLOYMENT_TARGET = 10.10;
				SDKROOT = macosx;
				SKIP_INSTALL = YES;
			};
			name = Release;
		};
/* End XCBuildConfiguration section */

/* Begin XCConfigurationList section */
		C610B0651BCE41C100DF3854 /* Build configuration list for PBXProject "Flytech" */ = {
			isa = XCConfigurationList;
			buildConfigurations = (
				C610B0711BCE41C100DF3854 /* Debug */,
				C610B0721BCE41C100DF3854 /* Release */,
			);
			defaultConfigurationIsVisible = 0;
			defaultConfigurationName = Release;
		};
		C610B0731BCE41C100DF3854 /* Build configuration list for PBXNativeTarget "Flytech iOS" */ = {
			isa = XCConfigurationList;
			buildConfigurations = (
				C610B0741BCE41C100DF3854 /* Debug */,
				C610B0751BCE41C100DF3854 /* Release */,
			);
			defaultConfigurationIsVisible = 0;
			defaultConfigurationName = Release;
		};
		C610B08B1BCE504C00DF3854 /* Build configuration list for PBXNativeTarget "Flytech OSX" */ = {
			isa = XCConfigurationList;
			buildConfigurations = (
				C610B08C1BCE504C00DF3854 /* Debug */,
				C610B08D1BCE504C00DF3854 /* Release */,
			);
			defaultConfigurationIsVisible = 0;
			defaultConfigurationName = Release;
		};
/* End XCConfigurationList section */
	};
	rootObject = C610B0621BCE41C100DF3854 /* Project object */;
}
